// !$*UTF8*$!
{
	archiveVersion = 1;
	classes = {
	};
	objectVersion = 48;
	objects = {

/* Begin PBXBuildFile section */
		722C8BBE201727DE002E474F /* AppDelegate.swift in Sources */ = {isa = PBXBuildFile; fileRef = 722C8BBD201727DE002E474F /* AppDelegate.swift */; };
		722C8BC5201727DE002E474F /* Assets.xcassets in Resources */ = {isa = PBXBuildFile; fileRef = 722C8BC4201727DE002E474F /* Assets.xcassets */; };
		722C8BC8201727DE002E474F /* LaunchScreen.storyboard in Resources */ = {isa = PBXBuildFile; fileRef = 722C8BC6201727DE002E474F /* LaunchScreen.storyboard */; };
		7295414820187CF700D41626 /* CoreDataManager.swift in Sources */ = {isa = PBXBuildFile; fileRef = 7295414720187CF600D41626 /* CoreDataManager.swift */; };
		7295414D20187D4F00D41626 /* ClientsDB.xcdatamodeld in Sources */ = {isa = PBXBuildFile; fileRef = 7295414B20187D4F00D41626 /* ClientsDB.xcdatamodeld */; };
		7295414F20187F8500D41626 /* NewClientAddViewController.swift in Sources */ = {isa = PBXBuildFile; fileRef = 7295414E20187F8500D41626 /* NewClientAddViewController.swift */; };
		729541522018802D00D41626 /* NewClientAdd.storyboard in Resources */ = {isa = PBXBuildFile; fileRef = 729541512018802D00D41626 /* NewClientAdd.storyboard */; };
		729541552018839400D41626 /* NewClientAddPresenterProtocol.swift in Sources */ = {isa = PBXBuildFile; fileRef = 729541542018839400D41626 /* NewClientAddPresenterProtocol.swift */; };
		7295415720189DCB00D41626 /* ClientModel.swift in Sources */ = {isa = PBXBuildFile; fileRef = 7295415620189DCB00D41626 /* ClientModel.swift */; };
		7295415A2018A25C00D41626 /* NewClientAddPresenter.swift in Sources */ = {isa = PBXBuildFile; fileRef = 729541592018A25C00D41626 /* NewClientAddPresenter.swift */; };
		7295415C2018A2FA00D41626 /* NewClientAddInteractor.swift in Sources */ = {isa = PBXBuildFile; fileRef = 7295415B2018A2FA00D41626 /* NewClientAddInteractor.swift */; };
		7295415F2018A33C00D41626 /* NewClientAddWireframe.swift in Sources */ = {isa = PBXBuildFile; fileRef = 7295415E2018A33C00D41626 /* NewClientAddWireframe.swift */; };
		729541622018A39A00D41626 /* NewClientAddInteractorProtocol.swift in Sources */ = {isa = PBXBuildFile; fileRef = 729541612018A39A00D41626 /* NewClientAddInteractorProtocol.swift */; };
		729541642018A45500D41626 /* NewClientAddWireframeProtocol.swift in Sources */ = {isa = PBXBuildFile; fileRef = 729541632018A45500D41626 /* NewClientAddWireframeProtocol.swift */; };
		729541682018AE2E00D41626 /* RootPresenter.swift in Sources */ = {isa = PBXBuildFile; fileRef = 729541672018AE2E00D41626 /* RootPresenter.swift */; };
		72F2A5672017552D004DA13B /* RootWireframe.swift in Sources */ = {isa = PBXBuildFile; fileRef = 72F2A5662017552D004DA13B /* RootWireframe.swift */; };
		72F2A56A201755FB004DA13B /* RootWireframeProtocol.swift in Sources */ = {isa = PBXBuildFile; fileRef = 72F2A569201755FB004DA13B /* RootWireframeProtocol.swift */; };
		72F2A56C2017561E004DA13B /* RootTabBarController.swift in Sources */ = {isa = PBXBuildFile; fileRef = 72F2A56B2017561E004DA13B /* RootTabBarController.swift */; };
		72F2A56E2017564F004DA13B /* RootInteractor.swift in Sources */ = {isa = PBXBuildFile; fileRef = 72F2A56D2017564F004DA13B /* RootInteractor.swift */; };
		72F2A57120176C39004DA13B /* DataStoragesListTableViewController.swift in Sources */ = {isa = PBXBuildFile; fileRef = 72F2A57020176C39004DA13B /* DataStoragesListTableViewController.swift */; };
		72F2A57320176C73004DA13B /* DataStoragesListWireframe.swift in Sources */ = {isa = PBXBuildFile; fileRef = 72F2A57220176C73004DA13B /* DataStoragesListWireframe.swift */; };
		72F2A57520176C94004DA13B /* DataStoragesListInteractor.swift in Sources */ = {isa = PBXBuildFile; fileRef = 72F2A57420176C94004DA13B /* DataStoragesListInteractor.swift */; };
		72FC5F0D2019BE7E003831D8 /* DataStoragesListPresenter.swift in Sources */ = {isa = PBXBuildFile; fileRef = 72FC5F0C2019BE7E003831D8 /* DataStoragesListPresenter.swift */; };
		72FC5F102019BECF003831D8 /* DataStoragesListView.storyboard in Resources */ = {isa = PBXBuildFile; fileRef = 72FC5F0F2019BECF003831D8 /* DataStoragesListView.storyboard */; };
		72FC5F122019BF36003831D8 /* ClientCell.swift in Sources */ = {isa = PBXBuildFile; fileRef = 72FC5F112019BF36003831D8 /* ClientCell.swift */; };
		72FC5F152019BF5A003831D8 /* ItemCell.swift in Sources */ = {isa = PBXBuildFile; fileRef = 72FC5F142019BF5A003831D8 /* ItemCell.swift */; };
		72FC5F172019BF7C003831D8 /* PlaceCell.swift in Sources */ = {isa = PBXBuildFile; fileRef = 72FC5F162019BF7C003831D8 /* PlaceCell.swift */; };
		72FC5F192019C575003831D8 /* ItemModel.swift in Sources */ = {isa = PBXBuildFile; fileRef = 72FC5F182019C575003831D8 /* ItemModel.swift */; };
		72FC5F1B2019C57D003831D8 /* PlaceModel.swift in Sources */ = {isa = PBXBuildFile; fileRef = 72FC5F1A2019C57D003831D8 /* PlaceModel.swift */; };
		72FC5F1D2019CB80003831D8 /* DataStoragesListPresenterProtocol.swift in Sources */ = {isa = PBXBuildFile; fileRef = 72FC5F1C2019CB80003831D8 /* DataStoragesListPresenterProtocol.swift */; };
		72FC5F1F2019CB94003831D8 /* DataStoragesListViewProtocol.swift in Sources */ = {isa = PBXBuildFile; fileRef = 72FC5F1E2019CB94003831D8 /* DataStoragesListViewProtocol.swift */; };
		72FC5F232019D3E7003831D8 /* DataStoragesListInteractorProtocol.swift in Sources */ = {isa = PBXBuildFile; fileRef = 72FC5F222019D3E7003831D8 /* DataStoragesListInteractorProtocol.swift */; };
		72FC5F252019DB7C003831D8 /* DataStoragesListWireframeProtocol.swift in Sources */ = {isa = PBXBuildFile; fileRef = 72FC5F242019DB7C003831D8 /* DataStoragesListWireframeProtocol.swift */; };
		72FC5F272019ECBC003831D8 /* NewClientAddViewProtocol.swift in Sources */ = {isa = PBXBuildFile; fileRef = 72FC5F262019ECBC003831D8 /* NewClientAddViewProtocol.swift */; };
		72FC5F2A201A0BC8003831D8 /* NewItemAddWireframe.swift in Sources */ = {isa = PBXBuildFile; fileRef = 72FC5F29201A0BC8003831D8 /* NewItemAddWireframe.swift */; };
		72FC5F2C201A0BDB003831D8 /* NewItemAddWireframeProtocol.swift in Sources */ = {isa = PBXBuildFile; fileRef = 72FC5F2B201A0BDB003831D8 /* NewItemAddWireframeProtocol.swift */; };
		72FC5F2F201A0BF4003831D8 /* NewItemAddPresenter.swift in Sources */ = {isa = PBXBuildFile; fileRef = 72FC5F2E201A0BF4003831D8 /* NewItemAddPresenter.swift */; };
		72FC5F31201A0BFF003831D8 /* NewItemAddPresenterProtocol.swift in Sources */ = {isa = PBXBuildFile; fileRef = 72FC5F30201A0BFF003831D8 /* NewItemAddPresenterProtocol.swift */; };
		72FC5F34201A0C18003831D8 /* NewItemAddInteractor.swift in Sources */ = {isa = PBXBuildFile; fileRef = 72FC5F33201A0C18003831D8 /* NewItemAddInteractor.swift */; };
		72FC5F36201A0C23003831D8 /* NewItemAddInteractorProtocol.swift in Sources */ = {isa = PBXBuildFile; fileRef = 72FC5F35201A0C23003831D8 /* NewItemAddInteractorProtocol.swift */; };
		72FC5F39201A0C48003831D8 /* NewItemAddViewController.swift in Sources */ = {isa = PBXBuildFile; fileRef = 72FC5F38201A0C48003831D8 /* NewItemAddViewController.swift */; };
		72FC5F3B201A0C52003831D8 /* NewItemAddViewProtocol.swift in Sources */ = {isa = PBXBuildFile; fileRef = 72FC5F3A201A0C52003831D8 /* NewItemAddViewProtocol.swift */; };
		72FC5F3D201A0C5C003831D8 /* NewItemAdd.storyboard in Resources */ = {isa = PBXBuildFile; fileRef = 72FC5F3C201A0C5C003831D8 /* NewItemAdd.storyboard */; };
/* End PBXBuildFile section */

/* Begin PBXFileReference section */
		722C8BBA201727DE002E474F /* DeliveryHelper.app */ = {isa = PBXFileReference; explicitFileType = wrapper.application; includeInIndex = 0; path = DeliveryHelper.app; sourceTree = BUILT_PRODUCTS_DIR; };
		722C8BBD201727DE002E474F /* AppDelegate.swift */ = {isa = PBXFileReference; lastKnownFileType = sourcecode.swift; path = AppDelegate.swift; sourceTree = "<group>"; };
		722C8BC4201727DE002E474F /* Assets.xcassets */ = {isa = PBXFileReference; lastKnownFileType = folder.assetcatalog; path = Assets.xcassets; sourceTree = "<group>"; };
		722C8BC7201727DE002E474F /* Base */ = {isa = PBXFileReference; lastKnownFileType = file.storyboard; name = Base; path = Base.lproj/LaunchScreen.storyboard; sourceTree = "<group>"; };
		722C8BC9201727DE002E474F /* Info.plist */ = {isa = PBXFileReference; lastKnownFileType = text.plist.xml; path = Info.plist; sourceTree = "<group>"; };
		7295414720187CF600D41626 /* CoreDataManager.swift */ = {isa = PBXFileReference; fileEncoding = 4; lastKnownFileType = sourcecode.swift; path = CoreDataManager.swift; sourceTree = "<group>"; };
		7295414C20187D4F00D41626 /* ClientsDB.xcdatamodel */ = {isa = PBXFileReference; lastKnownFileType = wrapper.xcdatamodel; path = ClientsDB.xcdatamodel; sourceTree = "<group>"; };
		7295414E20187F8500D41626 /* NewClientAddViewController.swift */ = {isa = PBXFileReference; lastKnownFileType = sourcecode.swift; path = NewClientAddViewController.swift; sourceTree = "<group>"; };
		729541512018802D00D41626 /* NewClientAdd.storyboard */ = {isa = PBXFileReference; lastKnownFileType = file.storyboard; path = NewClientAdd.storyboard; sourceTree = "<group>"; };
		729541542018839400D41626 /* NewClientAddPresenterProtocol.swift */ = {isa = PBXFileReference; lastKnownFileType = sourcecode.swift; path = NewClientAddPresenterProtocol.swift; sourceTree = "<group>"; };
		7295415620189DCB00D41626 /* ClientModel.swift */ = {isa = PBXFileReference; lastKnownFileType = sourcecode.swift; path = ClientModel.swift; sourceTree = "<group>"; };
		729541592018A25C00D41626 /* NewClientAddPresenter.swift */ = {isa = PBXFileReference; lastKnownFileType = sourcecode.swift; path = NewClientAddPresenter.swift; sourceTree = "<group>"; };
		7295415B2018A2FA00D41626 /* NewClientAddInteractor.swift */ = {isa = PBXFileReference; lastKnownFileType = sourcecode.swift; path = NewClientAddInteractor.swift; sourceTree = "<group>"; };
		7295415E2018A33C00D41626 /* NewClientAddWireframe.swift */ = {isa = PBXFileReference; lastKnownFileType = sourcecode.swift; path = NewClientAddWireframe.swift; sourceTree = "<group>"; };
		729541612018A39A00D41626 /* NewClientAddInteractorProtocol.swift */ = {isa = PBXFileReference; lastKnownFileType = sourcecode.swift; path = NewClientAddInteractorProtocol.swift; sourceTree = "<group>"; };
		729541632018A45500D41626 /* NewClientAddWireframeProtocol.swift */ = {isa = PBXFileReference; lastKnownFileType = sourcecode.swift; path = NewClientAddWireframeProtocol.swift; sourceTree = "<group>"; };
		729541672018AE2E00D41626 /* RootPresenter.swift */ = {isa = PBXFileReference; lastKnownFileType = sourcecode.swift; path = RootPresenter.swift; sourceTree = "<group>"; };
		72F2A5662017552D004DA13B /* RootWireframe.swift */ = {isa = PBXFileReference; lastKnownFileType = sourcecode.swift; path = RootWireframe.swift; sourceTree = "<group>"; };
		72F2A569201755FB004DA13B /* RootWireframeProtocol.swift */ = {isa = PBXFileReference; lastKnownFileType = sourcecode.swift; path = RootWireframeProtocol.swift; sourceTree = "<group>"; };
		72F2A56B2017561E004DA13B /* RootTabBarController.swift */ = {isa = PBXFileReference; lastKnownFileType = sourcecode.swift; path = RootTabBarController.swift; sourceTree = "<group>"; };
		72F2A56D2017564F004DA13B /* RootInteractor.swift */ = {isa = PBXFileReference; lastKnownFileType = sourcecode.swift; path = RootInteractor.swift; sourceTree = "<group>"; };
		72F2A57020176C39004DA13B /* DataStoragesListTableViewController.swift */ = {isa = PBXFileReference; lastKnownFileType = sourcecode.swift; path = DataStoragesListTableViewController.swift; sourceTree = "<group>"; };
		72F2A57220176C73004DA13B /* DataStoragesListWireframe.swift */ = {isa = PBXFileReference; lastKnownFileType = sourcecode.swift; path = DataStoragesListWireframe.swift; sourceTree = "<group>"; };
		72F2A57420176C94004DA13B /* DataStoragesListInteractor.swift */ = {isa = PBXFileReference; lastKnownFileType = sourcecode.swift; path = DataStoragesListInteractor.swift; sourceTree = "<group>"; };
		72FC5F0C2019BE7E003831D8 /* DataStoragesListPresenter.swift */ = {isa = PBXFileReference; lastKnownFileType = sourcecode.swift; path = DataStoragesListPresenter.swift; sourceTree = "<group>"; };
		72FC5F0F2019BECF003831D8 /* DataStoragesListView.storyboard */ = {isa = PBXFileReference; lastKnownFileType = file.storyboard; path = DataStoragesListView.storyboard; sourceTree = "<group>"; };
		72FC5F112019BF36003831D8 /* ClientCell.swift */ = {isa = PBXFileReference; lastKnownFileType = sourcecode.swift; path = ClientCell.swift; sourceTree = "<group>"; };
		72FC5F142019BF5A003831D8 /* ItemCell.swift */ = {isa = PBXFileReference; lastKnownFileType = sourcecode.swift; path = ItemCell.swift; sourceTree = "<group>"; };
		72FC5F162019BF7C003831D8 /* PlaceCell.swift */ = {isa = PBXFileReference; lastKnownFileType = sourcecode.swift; path = PlaceCell.swift; sourceTree = "<group>"; };
		72FC5F182019C575003831D8 /* ItemModel.swift */ = {isa = PBXFileReference; lastKnownFileType = sourcecode.swift; path = ItemModel.swift; sourceTree = "<group>"; };
		72FC5F1A2019C57D003831D8 /* PlaceModel.swift */ = {isa = PBXFileReference; lastKnownFileType = sourcecode.swift; path = PlaceModel.swift; sourceTree = "<group>"; };
		72FC5F1C2019CB80003831D8 /* DataStoragesListPresenterProtocol.swift */ = {isa = PBXFileReference; lastKnownFileType = sourcecode.swift; path = DataStoragesListPresenterProtocol.swift; sourceTree = "<group>"; };
		72FC5F1E2019CB94003831D8 /* DataStoragesListViewProtocol.swift */ = {isa = PBXFileReference; lastKnownFileType = sourcecode.swift; path = DataStoragesListViewProtocol.swift; sourceTree = "<group>"; };
		72FC5F222019D3E7003831D8 /* DataStoragesListInteractorProtocol.swift */ = {isa = PBXFileReference; lastKnownFileType = sourcecode.swift; path = DataStoragesListInteractorProtocol.swift; sourceTree = "<group>"; };
		72FC5F242019DB7C003831D8 /* DataStoragesListWireframeProtocol.swift */ = {isa = PBXFileReference; lastKnownFileType = sourcecode.swift; path = DataStoragesListWireframeProtocol.swift; sourceTree = "<group>"; };
		72FC5F262019ECBC003831D8 /* NewClientAddViewProtocol.swift */ = {isa = PBXFileReference; lastKnownFileType = sourcecode.swift; path = NewClientAddViewProtocol.swift; sourceTree = "<group>"; };
		72FC5F29201A0BC8003831D8 /* NewItemAddWireframe.swift */ = {isa = PBXFileReference; lastKnownFileType = sourcecode.swift; path = NewItemAddWireframe.swift; sourceTree = "<group>"; };
		72FC5F2B201A0BDB003831D8 /* NewItemAddWireframeProtocol.swift */ = {isa = PBXFileReference; lastKnownFileType = sourcecode.swift; path = NewItemAddWireframeProtocol.swift; sourceTree = "<group>"; };
		72FC5F2E201A0BF4003831D8 /* NewItemAddPresenter.swift */ = {isa = PBXFileReference; lastKnownFileType = sourcecode.swift; path = NewItemAddPresenter.swift; sourceTree = "<group>"; };
		72FC5F30201A0BFF003831D8 /* NewItemAddPresenterProtocol.swift */ = {isa = PBXFileReference; lastKnownFileType = sourcecode.swift; path = NewItemAddPresenterProtocol.swift; sourceTree = "<group>"; };
		72FC5F33201A0C18003831D8 /* NewItemAddInteractor.swift */ = {isa = PBXFileReference; lastKnownFileType = sourcecode.swift; path = NewItemAddInteractor.swift; sourceTree = "<group>"; };
		72FC5F35201A0C23003831D8 /* NewItemAddInteractorProtocol.swift */ = {isa = PBXFileReference; lastKnownFileType = sourcecode.swift; path = NewItemAddInteractorProtocol.swift; sourceTree = "<group>"; };
		72FC5F38201A0C48003831D8 /* NewItemAddViewController.swift */ = {isa = PBXFileReference; lastKnownFileType = sourcecode.swift; path = NewItemAddViewController.swift; sourceTree = "<group>"; };
		72FC5F3A201A0C52003831D8 /* NewItemAddViewProtocol.swift */ = {isa = PBXFileReference; lastKnownFileType = sourcecode.swift; path = NewItemAddViewProtocol.swift; sourceTree = "<group>"; };
		72FC5F3C201A0C5C003831D8 /* NewItemAdd.storyboard */ = {isa = PBXFileReference; lastKnownFileType = file.storyboard; path = NewItemAdd.storyboard; sourceTree = "<group>"; };
/* End PBXFileReference section */

/* Begin PBXFrameworksBuildPhase section */
		722C8BB7201727DE002E474F /* Frameworks */ = {
			isa = PBXFrameworksBuildPhase;
			buildActionMask = 2147483647;
			files = (
			);
			runOnlyForDeploymentPostprocessing = 0;
		};
/* End PBXFrameworksBuildPhase section */

/* Begin PBXGroup section */
		722C8BB1201727DE002E474F = {
			isa = PBXGroup;
			children = (
				722C8BBC201727DE002E474F /* DeliveryHelper */,
				722C8BBB201727DE002E474F /* Products */,
			);
			sourceTree = "<group>";
		};
		722C8BBB201727DE002E474F /* Products */ = {
			isa = PBXGroup;
			children = (
				722C8BBA201727DE002E474F /* DeliveryHelper.app */,
			);
			name = Products;
			sourceTree = "<group>";
		};
		722C8BBC201727DE002E474F /* DeliveryHelper */ = {
			isa = PBXGroup;
			children = (
				722C8BBD201727DE002E474F /* AppDelegate.swift */,
				7295414920187D1200D41626 /* Common */,
				72FC5F3F201A0C79003831D8 /* NewItemAddModule */,
				7295415020187FD100D41626 /* NewClientModule */,
				72F2A57620176CBB004DA13B /* DataStoragesListModule */,
				72F2A56820175539004DA13B /* RootModule */,
				722C8BC4201727DE002E474F /* Assets.xcassets */,
				722C8BC6201727DE002E474F /* LaunchScreen.storyboard */,
				722C8BC9201727DE002E474F /* Info.plist */,
			);
			path = DeliveryHelper;
			sourceTree = "<group>";
		};
		7295414920187D1200D41626 /* Common */ = {
			isa = PBXGroup;
			children = (
				7295414A20187D1C00D41626 /* CoreData */,
			);
			path = Common;
			sourceTree = "<group>";
		};
		7295414A20187D1C00D41626 /* CoreData */ = {
			isa = PBXGroup;
			children = (
				72FC5F28201A0AB1003831D8 /* Models */,
				7295414720187CF600D41626 /* CoreDataManager.swift */,
				7295414B20187D4F00D41626 /* ClientsDB.xcdatamodeld */,
			);
			path = CoreData;
			sourceTree = "<group>";
		};
		7295415020187FD100D41626 /* NewClientModule */ = {
			isa = PBXGroup;
			children = (
				729541532018836600D41626 /* View */,
				7295415820189EB400D41626 /* Presenter */,
				7295415D2018A2FF00D41626 /* Interactor */,
				729541602018A34D00D41626 /* Wireframe */,
			);
			path = NewClientModule;
			sourceTree = "<group>";
		};
		729541532018836600D41626 /* View */ = {
			isa = PBXGroup;
			children = (
				7295414E20187F8500D41626 /* NewClientAddViewController.swift */,
				72FC5F262019ECBC003831D8 /* NewClientAddViewProtocol.swift */,
				729541512018802D00D41626 /* NewClientAdd.storyboard */,
			);
			path = View;
			sourceTree = "<group>";
		};
		7295415820189EB400D41626 /* Presenter */ = {
			isa = PBXGroup;
			children = (
				729541542018839400D41626 /* NewClientAddPresenterProtocol.swift */,
				729541592018A25C00D41626 /* NewClientAddPresenter.swift */,
			);
			path = Presenter;
			sourceTree = "<group>";
		};
		7295415D2018A2FF00D41626 /* Interactor */ = {
			isa = PBXGroup;
			children = (
				729541612018A39A00D41626 /* NewClientAddInteractorProtocol.swift */,
				7295415B2018A2FA00D41626 /* NewClientAddInteractor.swift */,
			);
			path = Interactor;
			sourceTree = "<group>";
		};
		729541602018A34D00D41626 /* Wireframe */ = {
			isa = PBXGroup;
			children = (
				729541632018A45500D41626 /* NewClientAddWireframeProtocol.swift */,
				7295415E2018A33C00D41626 /* NewClientAddWireframe.swift */,
			);
			path = Wireframe;
			sourceTree = "<group>";
		};
		729541652018ADA900D41626 /* View */ = {
			isa = PBXGroup;
			children = (
				72F2A56B2017561E004DA13B /* RootTabBarController.swift */,
			);
			path = View;
			sourceTree = "<group>";
		};
		729541662018ADB300D41626 /* Interactor */ = {
			isa = PBXGroup;
			children = (
				72F2A56D2017564F004DA13B /* RootInteractor.swift */,
			);
			path = Interactor;
			sourceTree = "<group>";
		};
		729541692018AE3100D41626 /* Presenter */ = {
			isa = PBXGroup;
			children = (
				729541672018AE2E00D41626 /* RootPresenter.swift */,
			);
			path = Presenter;
			sourceTree = "<group>";
		};
		72F2A56820175539004DA13B /* RootModule */ = {
			isa = PBXGroup;
			children = (
				729541652018ADA900D41626 /* View */,
				729541692018AE3100D41626 /* Presenter */,
				729541662018ADB300D41626 /* Interactor */,
				72F2A56F20176392004DA13B /* Wireframe */,
			);
			path = RootModule;
			sourceTree = "<group>";
		};
		72F2A56F20176392004DA13B /* Wireframe */ = {
			isa = PBXGroup;
			children = (
				72F2A569201755FB004DA13B /* RootWireframeProtocol.swift */,
				72F2A5662017552D004DA13B /* RootWireframe.swift */,
			);
			path = Wireframe;
			sourceTree = "<group>";
		};
		72F2A57620176CBB004DA13B /* DataStoragesListModule */ = {
			isa = PBXGroup;
			children = (
				72FC5F092019BE36003831D8 /* View */,
				72FC5F0E2019BE83003831D8 /* Presenter */,
				72FC5F0B2019BE45003831D8 /* Interactor */,
				72FC5F0A2019BE3C003831D8 /* Wireframe */,
			);
			path = DataStoragesListModule;
			sourceTree = "<group>";
		};
		72FC5F092019BE36003831D8 /* View */ = {
			isa = PBXGroup;
			children = (
				72FC5F132019BF3E003831D8 /* Cells */,
				72F2A57020176C39004DA13B /* DataStoragesListTableViewController.swift */,
				72FC5F1E2019CB94003831D8 /* DataStoragesListViewProtocol.swift */,
				72FC5F0F2019BECF003831D8 /* DataStoragesListView.storyboard */,
			);
			path = View;
			sourceTree = "<group>";
		};
		72FC5F0A2019BE3C003831D8 /* Wireframe */ = {
			isa = PBXGroup;
			children = (
				72F2A57220176C73004DA13B /* DataStoragesListWireframe.swift */,
				72FC5F242019DB7C003831D8 /* DataStoragesListWireframeProtocol.swift */,
			);
			path = Wireframe;
			sourceTree = "<group>";
		};
		72FC5F0B2019BE45003831D8 /* Interactor */ = {
			isa = PBXGroup;
			children = (
				72F2A57420176C94004DA13B /* DataStoragesListInteractor.swift */,
				72FC5F222019D3E7003831D8 /* DataStoragesListInteractorProtocol.swift */,
			);
			path = Interactor;
			sourceTree = "<group>";
		};
		72FC5F0E2019BE83003831D8 /* Presenter */ = {
			isa = PBXGroup;
			children = (
				72FC5F0C2019BE7E003831D8 /* DataStoragesListPresenter.swift */,
				72FC5F1C2019CB80003831D8 /* DataStoragesListPresenterProtocol.swift */,
			);
			path = Presenter;
			sourceTree = "<group>";
		};
		72FC5F132019BF3E003831D8 /* Cells */ = {
			isa = PBXGroup;
			children = (
				72FC5F142019BF5A003831D8 /* ItemCell.swift */,
				72FC5F112019BF36003831D8 /* ClientCell.swift */,
				72FC5F162019BF7C003831D8 /* PlaceCell.swift */,
			);
			path = Cells;
			sourceTree = "<group>";
		};
		72FC5F28201A0AB1003831D8 /* Models */ = {
			isa = PBXGroup;
			children = (
				7295415620189DCB00D41626 /* ClientModel.swift */,
				72FC5F182019C575003831D8 /* ItemModel.swift */,
				72FC5F1A2019C57D003831D8 /* PlaceModel.swift */,
			);
			path = Models;
			sourceTree = "<group>";
		};
		72FC5F2D201A0BDF003831D8 /* Wireframe */ = {
			isa = PBXGroup;
			children = (
				72FC5F29201A0BC8003831D8 /* NewItemAddWireframe.swift */,
				72FC5F2B201A0BDB003831D8 /* NewItemAddWireframeProtocol.swift */,
			);
			path = Wireframe;
			sourceTree = "<group>";
		};
		72FC5F32201A0C04003831D8 /* Presenter */ = {
			isa = PBXGroup;
			children = (
				72FC5F2E201A0BF4003831D8 /* NewItemAddPresenter.swift */,
				72FC5F30201A0BFF003831D8 /* NewItemAddPresenterProtocol.swift */,
			);
			path = Presenter;
			sourceTree = "<group>";
		};
		72FC5F37201A0C2B003831D8 /* Interactor */ = {
			isa = PBXGroup;
			children = (
				72FC5F33201A0C18003831D8 /* NewItemAddInteractor.swift */,
				72FC5F35201A0C23003831D8 /* NewItemAddInteractorProtocol.swift */,
			);
			path = Interactor;
			sourceTree = "<group>";
		};
		72FC5F3E201A0C61003831D8 /* View */ = {
			isa = PBXGroup;
			children = (
				72FC5F3A201A0C52003831D8 /* NewItemAddViewProtocol.swift */,
				72FC5F3C201A0C5C003831D8 /* NewItemAdd.storyboard */,
				72FC5F38201A0C48003831D8 /* NewItemAddViewController.swift */,
			);
			path = View;
			sourceTree = "<group>";
		};
		72FC5F3F201A0C79003831D8 /* NewItemAddModule */ = {
			isa = PBXGroup;
			children = (
				72FC5F3E201A0C61003831D8 /* View */,
				72FC5F32201A0C04003831D8 /* Presenter */,
				72FC5F37201A0C2B003831D8 /* Interactor */,
				72FC5F2D201A0BDF003831D8 /* Wireframe */,
			);
			path = NewItemAddModule;
			sourceTree = "<group>";
		};
/* End PBXGroup section */

/* Begin PBXNativeTarget section */
		722C8BB9201727DE002E474F /* DeliveryHelper */ = {
			isa = PBXNativeTarget;
			buildConfigurationList = 722C8BCC201727DE002E474F /* Build configuration list for PBXNativeTarget "DeliveryHelper" */;
			buildPhases = (
				722C8BB6201727DE002E474F /* Sources */,
				722C8BB7201727DE002E474F /* Frameworks */,
				722C8BB8201727DE002E474F /* Resources */,
			);
			buildRules = (
			);
			dependencies = (
			);
			name = DeliveryHelper;
			productName = DeliveryHelper;
			productReference = 722C8BBA201727DE002E474F /* DeliveryHelper.app */;
			productType = "com.apple.product-type.application";
		};
/* End PBXNativeTarget section */

/* Begin PBXProject section */
		722C8BB2201727DE002E474F /* Project object */ = {
			isa = PBXProject;
			attributes = {
				LastSwiftUpdateCheck = 0920;
				LastUpgradeCheck = 0920;
				ORGANIZATIONNAME = "Ivan Denezhkin";
				TargetAttributes = {
					722C8BB9201727DE002E474F = {
						CreatedOnToolsVersion = 9.2;
						ProvisioningStyle = Automatic;
					};
				};
			};
			buildConfigurationList = 722C8BB5201727DE002E474F /* Build configuration list for PBXProject "DeliveryHelper" */;
			compatibilityVersion = "Xcode 8.0";
			developmentRegion = en;
			hasScannedForEncodings = 0;
			knownRegions = (
				en,
				Base,
			);
			mainGroup = 722C8BB1201727DE002E474F;
			productRefGroup = 722C8BBB201727DE002E474F /* Products */;
			projectDirPath = "";
			projectRoot = "";
			targets = (
				722C8BB9201727DE002E474F /* DeliveryHelper */,
			);
		};
/* End PBXProject section */

/* Begin PBXResourcesBuildPhase section */
		722C8BB8201727DE002E474F /* Resources */ = {
			isa = PBXResourcesBuildPhase;
			buildActionMask = 2147483647;
			files = (
				72FC5F3D201A0C5C003831D8 /* NewItemAdd.storyboard in Resources */,
				722C8BC8201727DE002E474F /* LaunchScreen.storyboard in Resources */,
				729541522018802D00D41626 /* NewClientAdd.storyboard in Resources */,
				722C8BC5201727DE002E474F /* Assets.xcassets in Resources */,
				72FC5F102019BECF003831D8 /* DataStoragesListView.storyboard in Resources */,
			);
			runOnlyForDeploymentPostprocessing = 0;
		};
/* End PBXResourcesBuildPhase section */

/* Begin PBXSourcesBuildPhase section */
		722C8BB6201727DE002E474F /* Sources */ = {
			isa = PBXSourcesBuildPhase;
			buildActionMask = 2147483647;
			files = (
				72F2A56E2017564F004DA13B /* RootInteractor.swift in Sources */,
				72F2A57120176C39004DA13B /* DataStoragesListTableViewController.swift in Sources */,
				722C8BBE201727DE002E474F /* AppDelegate.swift in Sources */,
				72F2A56C2017561E004DA13B /* RootTabBarController.swift in Sources */,
				72FC5F272019ECBC003831D8 /* NewClientAddViewProtocol.swift in Sources */,
				72F2A56A201755FB004DA13B /* RootWireframeProtocol.swift in Sources */,
				72F2A57520176C94004DA13B /* DataStoragesListInteractor.swift in Sources */,
				72FC5F232019D3E7003831D8 /* DataStoragesListInteractorProtocol.swift in Sources */,
				72FC5F36201A0C23003831D8 /* NewItemAddInteractorProtocol.swift in Sources */,
				7295415A2018A25C00D41626 /* NewClientAddPresenter.swift in Sources */,
				729541622018A39A00D41626 /* NewClientAddInteractorProtocol.swift in Sources */,
				7295414D20187D4F00D41626 /* ClientsDB.xcdatamodeld in Sources */,
				72FC5F172019BF7C003831D8 /* PlaceCell.swift in Sources */,
				72FC5F2F201A0BF4003831D8 /* NewItemAddPresenter.swift in Sources */,
				7295414820187CF700D41626 /* CoreDataManager.swift in Sources */,
				72FC5F1F2019CB94003831D8 /* DataStoragesListViewProtocol.swift in Sources */,
				729541642018A45500D41626 /* NewClientAddWireframeProtocol.swift in Sources */,
				72F2A5672017552D004DA13B /* RootWireframe.swift in Sources */,
				7295415F2018A33C00D41626 /* NewClientAddWireframe.swift in Sources */,
				729541552018839400D41626 /* NewClientAddPresenterProtocol.swift in Sources */,
				72FC5F3B201A0C52003831D8 /* NewItemAddViewProtocol.swift in Sources */,
				72FC5F39201A0C48003831D8 /* NewItemAddViewController.swift in Sources */,
				72FC5F152019BF5A003831D8 /* ItemCell.swift in Sources */,
				72FC5F122019BF36003831D8 /* ClientCell.swift in Sources */,
				72FC5F1B2019C57D003831D8 /* PlaceModel.swift in Sources */,
				72FC5F31201A0BFF003831D8 /* NewItemAddPresenterProtocol.swift in Sources */,
				72FC5F34201A0C18003831D8 /* NewItemAddInteractor.swift in Sources */,
				72FC5F2A201A0BC8003831D8 /* NewItemAddWireframe.swift in Sources */,
				72FC5F2C201A0BDB003831D8 /* NewItemAddWireframeProtocol.swift in Sources */,
				7295415C2018A2FA00D41626 /* NewClientAddInteractor.swift in Sources */,
				72FC5F192019C575003831D8 /* ItemModel.swift in Sources */,
				7295414F20187F8500D41626 /* NewClientAddViewController.swift in Sources */,
				72FC5F0D2019BE7E003831D8 /* DataStoragesListPresenter.swift in Sources */,
				7295415720189DCB00D41626 /* ClientModel.swift in Sources */,
				72F2A57320176C73004DA13B /* DataStoragesListWireframe.swift in Sources */,
				72FC5F252019DB7C003831D8 /* DataStoragesListWireframeProtocol.swift in Sources */,
				729541682018AE2E00D41626 /* RootPresenter.swift in Sources */,
				72FC5F1D2019CB80003831D8 /* DataStoragesListPresenterProtocol.swift in Sources */,
			);
			runOnlyForDeploymentPostprocessing = 0;
		};
/* End PBXSourcesBuildPhase section */

/* Begin PBXVariantGroup section */
		722C8BC6201727DE002E474F /* LaunchScreen.storyboard */ = {
			isa = PBXVariantGroup;
			children = (
				722C8BC7201727DE002E474F /* Base */,
			);
			name = LaunchScreen.storyboard;
			sourceTree = "<group>";
		};
/* End PBXVariantGroup section */

/* Begin XCBuildConfiguration section */
		722C8BCA201727DE002E474F /* Debug */ = {
			isa = XCBuildConfiguration;
			buildSettings = {
				ALWAYS_SEARCH_USER_PATHS = NO;
				CLANG_ANALYZER_NONNULL = YES;
				CLANG_ANALYZER_NUMBER_OBJECT_CONVERSION = YES_AGGRESSIVE;
				CLANG_CXX_LANGUAGE_STANDARD = "gnu++14";
				CLANG_CXX_LIBRARY = "libc++";
				CLANG_ENABLE_MODULES = YES;
				CLANG_ENABLE_OBJC_ARC = YES;
				CLANG_WARN_BLOCK_CAPTURE_AUTORELEASING = YES;
				CLANG_WARN_BOOL_CONVERSION = YES;
				CLANG_WARN_COMMA = YES;
				CLANG_WARN_CONSTANT_CONVERSION = YES;
				CLANG_WARN_DIRECT_OBJC_ISA_USAGE = YES_ERROR;
				CLANG_WARN_DOCUMENTATION_COMMENTS = YES;
				CLANG_WARN_EMPTY_BODY = YES;
				CLANG_WARN_ENUM_CONVERSION = YES;
				CLANG_WARN_INFINITE_RECURSION = YES;
				CLANG_WARN_INT_CONVERSION = YES;
				CLANG_WARN_NON_LITERAL_NULL_CONVERSION = YES;
				CLANG_WARN_OBJC_LITERAL_CONVERSION = YES;
				CLANG_WARN_OBJC_ROOT_CLASS = YES_ERROR;
				CLANG_WARN_RANGE_LOOP_ANALYSIS = YES;
				CLANG_WARN_STRICT_PROTOTYPES = YES;
				CLANG_WARN_SUSPICIOUS_MOVE = YES;
				CLANG_WARN_UNGUARDED_AVAILABILITY = YES_AGGRESSIVE;
				CLANG_WARN_UNREACHABLE_CODE = YES;
				CLANG_WARN__DUPLICATE_METHOD_MATCH = YES;
				CODE_SIGN_IDENTITY = "iPhone Developer";
				COPY_PHASE_STRIP = NO;
				DEBUG_INFORMATION_FORMAT = dwarf;
				ENABLE_STRICT_OBJC_MSGSEND = YES;
				ENABLE_TESTABILITY = YES;
				GCC_C_LANGUAGE_STANDARD = gnu11;
				GCC_DYNAMIC_NO_PIC = NO;
				GCC_NO_COMMON_BLOCKS = YES;
				GCC_OPTIMIZATION_LEVEL = 0;
				GCC_PREPROCESSOR_DEFINITIONS = (
					"DEBUG=1",
					"$(inherited)",
				);
				GCC_WARN_64_TO_32_BIT_CONVERSION = YES;
				GCC_WARN_ABOUT_RETURN_TYPE = YES_ERROR;
				GCC_WARN_UNDECLARED_SELECTOR = YES;
				GCC_WARN_UNINITIALIZED_AUTOS = YES_AGGRESSIVE;
				GCC_WARN_UNUSED_FUNCTION = YES;
				GCC_WARN_UNUSED_VARIABLE = YES;
				IPHONEOS_DEPLOYMENT_TARGET = 11.2;
				MTL_ENABLE_DEBUG_INFO = YES;
				ONLY_ACTIVE_ARCH = YES;
				SDKROOT = iphoneos;
				SWIFT_ACTIVE_COMPILATION_CONDITIONS = DEBUG;
				SWIFT_OPTIMIZATION_LEVEL = "-Onone";
			};
			name = Debug;
		};
		722C8BCB201727DE002E474F /* Release */ = {
			isa = XCBuildConfiguration;
			buildSettings = {
				ALWAYS_SEARCH_USER_PATHS = NO;
				CLANG_ANALYZER_NONNULL = YES;
				CLANG_ANALYZER_NUMBER_OBJECT_CONVERSION = YES_AGGRESSIVE;
				CLANG_CXX_LANGUAGE_STANDARD = "gnu++14";
				CLANG_CXX_LIBRARY = "libc++";
				CLANG_ENABLE_MODULES = YES;
				CLANG_ENABLE_OBJC_ARC = YES;
				CLANG_WARN_BLOCK_CAPTURE_AUTORELEASING = YES;
				CLANG_WARN_BOOL_CONVERSION = YES;
				CLANG_WARN_COMMA = YES;
				CLANG_WARN_CONSTANT_CONVERSION = YES;
				CLANG_WARN_DIRECT_OBJC_ISA_USAGE = YES_ERROR;
				CLANG_WARN_DOCUMENTATION_COMMENTS = YES;
				CLANG_WARN_EMPTY_BODY = YES;
				CLANG_WARN_ENUM_CONVERSION = YES;
				CLANG_WARN_INFINITE_RECURSION = YES;
				CLANG_WARN_INT_CONVERSION = YES;
				CLANG_WARN_NON_LITERAL_NULL_CONVERSION = YES;
				CLANG_WARN_OBJC_LITERAL_CONVERSION = YES;
				CLANG_WARN_OBJC_ROOT_CLASS = YES_ERROR;
				CLANG_WARN_RANGE_LOOP_ANALYSIS = YES;
				CLANG_WARN_STRICT_PROTOTYPES = YES;
				CLANG_WARN_SUSPICIOUS_MOVE = YES;
				CLANG_WARN_UNGUARDED_AVAILABILITY = YES_AGGRESSIVE;
				CLANG_WARN_UNREACHABLE_CODE = YES;
				CLANG_WARN__DUPLICATE_METHOD_MATCH = YES;
				CODE_SIGN_IDENTITY = "iPhone Developer";
				COPY_PHASE_STRIP = NO;
				DEBUG_INFORMATION_FORMAT = "dwarf-with-dsym";
				ENABLE_NS_ASSERTIONS = NO;
				ENABLE_STRICT_OBJC_MSGSEND = YES;
				GCC_C_LANGUAGE_STANDARD = gnu11;
				GCC_NO_COMMON_BLOCKS = YES;
				GCC_WARN_64_TO_32_BIT_CONVERSION = YES;
				GCC_WARN_ABOUT_RETURN_TYPE = YES_ERROR;
				GCC_WARN_UNDECLARED_SELECTOR = YES;
				GCC_WARN_UNINITIALIZED_AUTOS = YES_AGGRESSIVE;
				GCC_WARN_UNUSED_FUNCTION = YES;
				GCC_WARN_UNUSED_VARIABLE = YES;
				IPHONEOS_DEPLOYMENT_TARGET = 11.2;
				MTL_ENABLE_DEBUG_INFO = NO;
				SDKROOT = iphoneos;
				SWIFT_OPTIMIZATION_LEVEL = "-Owholemodule";
				VALIDATE_PRODUCT = YES;
			};
			name = Release;
		};
		722C8BCD201727DE002E474F /* Debug */ = {
			isa = XCBuildConfiguration;
			buildSettings = {
				ASSETCATALOG_COMPILER_APPICON_NAME = AppIcon;
				CODE_SIGN_STYLE = Automatic;
				DEVELOPMENT_TEAM = 7B3BBT653A;
				INFOPLIST_FILE = DeliveryHelper/Info.plist;
				IPHONEOS_DEPLOYMENT_TARGET = 10.0;
				LD_RUNPATH_SEARCH_PATHS = "$(inherited) @executable_path/Frameworks";
				PRODUCT_BUNDLE_IDENTIFIER = IvanDenezhkin.com.DeliveryHelper;
				PRODUCT_NAME = "$(TARGET_NAME)";
				SWIFT_VERSION = 4.0;
				TARGETED_DEVICE_FAMILY = "1,2";
			};
			name = Debug;
		};
		722C8BCE201727DE002E474F /* Release */ = {
			isa = XCBuildConfiguration;
			buildSettings = {
				ASSETCATALOG_COMPILER_APPICON_NAME = AppIcon;
				CODE_SIGN_STYLE = Automatic;
				DEVELOPMENT_TEAM = 7B3BBT653A;
				INFOPLIST_FILE = DeliveryHelper/Info.plist;
				IPHONEOS_DEPLOYMENT_TARGET = 10.0;
				LD_RUNPATH_SEARCH_PATHS = "$(inherited) @executable_path/Frameworks";
				PRODUCT_BUNDLE_IDENTIFIER = IvanDenezhkin.com.DeliveryHelper;
				PRODUCT_NAME = "$(TARGET_NAME)";
				SWIFT_VERSION = 4.0;
				TARGETED_DEVICE_FAMILY = "1,2";
			};
			name = Release;
		};
/* End XCBuildConfiguration section */

/* Begin XCConfigurationList section */
		722C8BB5201727DE002E474F /* Build configuration list for PBXProject "DeliveryHelper" */ = {
			isa = XCConfigurationList;
			buildConfigurations = (
				722C8BCA201727DE002E474F /* Debug */,
				722C8BCB201727DE002E474F /* Release */,
			);
			defaultConfigurationIsVisible = 0;
			defaultConfigurationName = Release;
		};
		722C8BCC201727DE002E474F /* Build configuration list for PBXNativeTarget "DeliveryHelper" */ = {
			isa = XCConfigurationList;
			buildConfigurations = (
				722C8BCD201727DE002E474F /* Debug */,
				722C8BCE201727DE002E474F /* Release */,
			);
			defaultConfigurationIsVisible = 0;
			defaultConfigurationName = Release;
		};
/* End XCConfigurationList section */

/* Begin XCVersionGroup section */
		7295414B20187D4F00D41626 /* ClientsDB.xcdatamodeld */ = {
			isa = XCVersionGroup;
			children = (
				7295414C20187D4F00D41626 /* ClientsDB.xcdatamodel */,
			);
			currentVersion = 7295414C20187D4F00D41626 /* ClientsDB.xcdatamodel */;
			path = ClientsDB.xcdatamodeld;
			sourceTree = "<group>";
			versionGroupType = wrapper.xcdatamodel;
		};
/* End XCVersionGroup section */
	};
	rootObject = 722C8BB2201727DE002E474F /* Project object */;
}
