// !$*UTF8*$!
{
	archiveVersion = 1;
	classes = {
	};
	objectVersion = 48;
	objects = {

/* Begin PBXBuildFile section */
		5DA53F7180ACB56BB8C293E6 /* Pods_DeliveryHelper.framework in Frameworks */ = {isa = PBXBuildFile; fileRef = 6BBA46B0FDB698D5F2CD0244 /* Pods_DeliveryHelper.framework */; };
		72148C34202DCB2D00D09BA4 /* OrdersListViewProtocol.swift in Sources */ = {isa = PBXBuildFile; fileRef = 72148C33202DCB2D00D09BA4 /* OrdersListViewProtocol.swift */; };
		72148C36202DCB3700D09BA4 /* OrdersListViewController.swift in Sources */ = {isa = PBXBuildFile; fileRef = 72148C35202DCB3700D09BA4 /* OrdersListViewController.swift */; };
		72148C38202DCB3D00D09BA4 /* OrdersList.storyboard in Resources */ = {isa = PBXBuildFile; fileRef = 72148C37202DCB3D00D09BA4 /* OrdersList.storyboard */; };
		72148C3A202DCB5E00D09BA4 /* OrdersListPresenter.swift in Sources */ = {isa = PBXBuildFile; fileRef = 72148C39202DCB5E00D09BA4 /* OrdersListPresenter.swift */; };
		72148C3C202DCB6900D09BA4 /* OrdersListPresenterProtocol.swift in Sources */ = {isa = PBXBuildFile; fileRef = 72148C3B202DCB6900D09BA4 /* OrdersListPresenterProtocol.swift */; };
		72148C3E202DCB7800D09BA4 /* OrdersListInteractorProtocol.swift in Sources */ = {isa = PBXBuildFile; fileRef = 72148C3D202DCB7800D09BA4 /* OrdersListInteractorProtocol.swift */; };
		72148C40202DCB8600D09BA4 /* OrdersListInteractor.swift in Sources */ = {isa = PBXBuildFile; fileRef = 72148C3F202DCB8600D09BA4 /* OrdersListInteractor.swift */; };
		72148C42202DCB8F00D09BA4 /* OrdersListWireframe.swift in Sources */ = {isa = PBXBuildFile; fileRef = 72148C41202DCB8F00D09BA4 /* OrdersListWireframe.swift */; };
		72148C44202DCB9E00D09BA4 /* OrdersListWireframeProtocol.swift in Sources */ = {isa = PBXBuildFile; fileRef = 72148C43202DCB9E00D09BA4 /* OrdersListWireframeProtocol.swift */; };
		72148C4B202DDB3F00D09BA4 /* OrderTableViewCell.swift in Sources */ = {isa = PBXBuildFile; fileRef = 72148C4A202DDB3F00D09BA4 /* OrderTableViewCell.swift */; };
		722C8BBE201727DE002E474F /* AppDelegate.swift in Sources */ = {isa = PBXBuildFile; fileRef = 722C8BBD201727DE002E474F /* AppDelegate.swift */; };
		722C8BC5201727DE002E474F /* Assets.xcassets in Resources */ = {isa = PBXBuildFile; fileRef = 722C8BC4201727DE002E474F /* Assets.xcassets */; };
		722C8BC8201727DE002E474F /* LaunchScreen.storyboard in Resources */ = {isa = PBXBuildFile; fileRef = 722C8BC6201727DE002E474F /* LaunchScreen.storyboard */; };
		722F6389201B59DE00B63D40 /* BasesListViewProtocol.swift in Sources */ = {isa = PBXBuildFile; fileRef = 722F6388201B59DE00B63D40 /* BasesListViewProtocol.swift */; };
		722F638B201B59F100B63D40 /* BasesListViewController.swift in Sources */ = {isa = PBXBuildFile; fileRef = 722F638A201B59F100B63D40 /* BasesListViewController.swift */; };
		722F638D201B5A0100B63D40 /* BasesList.storyboard in Resources */ = {isa = PBXBuildFile; fileRef = 722F638C201B5A0100B63D40 /* BasesList.storyboard */; };
		722F6390201B5A3200B63D40 /* BasesListPresenter.swift in Sources */ = {isa = PBXBuildFile; fileRef = 722F638F201B5A3200B63D40 /* BasesListPresenter.swift */; };
		722F6392201B5A4100B63D40 /* BasesListPresenterProtocol.swift in Sources */ = {isa = PBXBuildFile; fileRef = 722F6391201B5A4100B63D40 /* BasesListPresenterProtocol.swift */; };
		722F6395201B5A6900B63D40 /* BasesListWireframe.swift in Sources */ = {isa = PBXBuildFile; fileRef = 722F6394201B5A6900B63D40 /* BasesListWireframe.swift */; };
		722F6397201B5A7A00B63D40 /* BasesListWireframeProtocol.swift in Sources */ = {isa = PBXBuildFile; fileRef = 722F6396201B5A7A00B63D40 /* BasesListWireframeProtocol.swift */; };
		725A5125202346B800EB0AEA /* TitleCell.swift in Sources */ = {isa = PBXBuildFile; fileRef = 725A5124202346B800EB0AEA /* TitleCell.swift */; };
		725A5127202346C700EB0AEA /* ItemsCell.swift in Sources */ = {isa = PBXBuildFile; fileRef = 725A5126202346C700EB0AEA /* ItemsCell.swift */; };
		725A5129202346DD00EB0AEA /* ClientPlaceCell.swift in Sources */ = {isa = PBXBuildFile; fileRef = 725A5128202346DD00EB0AEA /* ClientPlaceCell.swift */; };
		725A512B2023474D00EB0AEA /* ButtonCell.swift in Sources */ = {isa = PBXBuildFile; fileRef = 725A512A2023474D00EB0AEA /* ButtonCell.swift */; };
		725A512E20235BFD00EB0AEA /* UIViewControllerExtensions.swift in Sources */ = {isa = PBXBuildFile; fileRef = 725A512D20235BFD00EB0AEA /* UIViewControllerExtensions.swift */; };
		725F19D82021D1A000D50200 /* NewOrderPresenter.swift in Sources */ = {isa = PBXBuildFile; fileRef = 725F19D72021D1A000D50200 /* NewOrderPresenter.swift */; };
		725F19DA2021D1A600D50200 /* NewOrderPresenterProtocol.swift in Sources */ = {isa = PBXBuildFile; fileRef = 725F19D92021D1A600D50200 /* NewOrderPresenterProtocol.swift */; };
		725F19DC2021D1B600D50200 /* NewOrderInteractor.swift in Sources */ = {isa = PBXBuildFile; fileRef = 725F19DB2021D1B600D50200 /* NewOrderInteractor.swift */; };
		725F19DE2021D1C200D50200 /* NewOrderInteractorProtocol.swift in Sources */ = {isa = PBXBuildFile; fileRef = 725F19DD2021D1C200D50200 /* NewOrderInteractorProtocol.swift */; };
		725F19E02021D1CB00D50200 /* NewOrderWireframe.swift in Sources */ = {isa = PBXBuildFile; fileRef = 725F19DF2021D1CB00D50200 /* NewOrderWireframe.swift */; };
		725F19E22021D1D900D50200 /* NewOrderWireframeProtocol.swift in Sources */ = {isa = PBXBuildFile; fileRef = 725F19E12021D1D900D50200 /* NewOrderWireframeProtocol.swift */; };
		725F19E42021D1F000D50200 /* NewOrderViewProtocol.swift in Sources */ = {isa = PBXBuildFile; fileRef = 725F19E32021D1F000D50200 /* NewOrderViewProtocol.swift */; };
		725F19E62021D20000D50200 /* NewOrderViewController.swift in Sources */ = {isa = PBXBuildFile; fileRef = 725F19E52021D20000D50200 /* NewOrderViewController.swift */; };
		725F19E82021D20900D50200 /* NewOrder.storyboard in Resources */ = {isa = PBXBuildFile; fileRef = 725F19E72021D20900D50200 /* NewOrder.storyboard */; };
		726AB62C202B1553005C45CB /* DateExtension.swift in Sources */ = {isa = PBXBuildFile; fileRef = 726AB62B202B1553005C45CB /* DateExtension.swift */; };
		7295414820187CF700D41626 /* CoreDataManager.swift in Sources */ = {isa = PBXBuildFile; fileRef = 7295414720187CF600D41626 /* CoreDataManager.swift */; };
		7295414D20187D4F00D41626 /* DataBase.xcdatamodeld in Sources */ = {isa = PBXBuildFile; fileRef = 7295414B20187D4F00D41626 /* DataBase.xcdatamodeld */; };
		7295414F20187F8500D41626 /* NewClientAddViewController.swift in Sources */ = {isa = PBXBuildFile; fileRef = 7295414E20187F8500D41626 /* NewClientAddViewController.swift */; };
		729541522018802D00D41626 /* NewClientAdd.storyboard in Resources */ = {isa = PBXBuildFile; fileRef = 729541512018802D00D41626 /* NewClientAdd.storyboard */; };
		729541552018839400D41626 /* NewClientAddPresenterProtocol.swift in Sources */ = {isa = PBXBuildFile; fileRef = 729541542018839400D41626 /* NewClientAddPresenterProtocol.swift */; };
		7295415720189DCB00D41626 /* ClientModel.swift in Sources */ = {isa = PBXBuildFile; fileRef = 7295415620189DCB00D41626 /* ClientModel.swift */; };
		7295415A2018A25C00D41626 /* NewClientAddPresenter.swift in Sources */ = {isa = PBXBuildFile; fileRef = 729541592018A25C00D41626 /* NewClientAddPresenter.swift */; };
		7295415C2018A2FA00D41626 /* NewClientAddInteractor.swift in Sources */ = {isa = PBXBuildFile; fileRef = 7295415B2018A2FA00D41626 /* NewClientAddInteractor.swift */; };
		7295415F2018A33C00D41626 /* NewClientAddWireframe.swift in Sources */ = {isa = PBXBuildFile; fileRef = 7295415E2018A33C00D41626 /* NewClientAddWireframe.swift */; };
		729541622018A39A00D41626 /* NewClientAddInteractorProtocol.swift in Sources */ = {isa = PBXBuildFile; fileRef = 729541612018A39A00D41626 /* NewClientAddInteractorProtocol.swift */; };
		729541642018A45500D41626 /* NewClientAddWireframeProtocol.swift in Sources */ = {isa = PBXBuildFile; fileRef = 729541632018A45500D41626 /* NewClientAddWireframeProtocol.swift */; };
		729541682018AE2E00D41626 /* RootPresenter.swift in Sources */ = {isa = PBXBuildFile; fileRef = 729541672018AE2E00D41626 /* RootPresenter.swift */; };
		729A3CC920245C7500A71088 /* DataStoragesListDelegateProtocol.swift in Sources */ = {isa = PBXBuildFile; fileRef = 729A3CC820245C7500A71088 /* DataStoragesListDelegateProtocol.swift */; };
		72B7BAC420319D9C0086AEA0 /* CalendarCell.swift in Sources */ = {isa = PBXBuildFile; fileRef = 72B7BAC320319D9C0086AEA0 /* CalendarCell.swift */; };
		72B7BAC82031CA5F0086AEA0 /* CalendarHeaderView.swift in Sources */ = {isa = PBXBuildFile; fileRef = 72B7BAC72031CA5F0086AEA0 /* CalendarHeaderView.swift */; };
		72E5FEA02028906E00CB5A9B /* OrderModel.swift in Sources */ = {isa = PBXBuildFile; fileRef = 72E5FE9F2028906E00CB5A9B /* OrderModel.swift */; };
		72F2A5672017552D004DA13B /* RootWireframe.swift in Sources */ = {isa = PBXBuildFile; fileRef = 72F2A5662017552D004DA13B /* RootWireframe.swift */; };
		72F2A56A201755FB004DA13B /* RootWireframeProtocol.swift in Sources */ = {isa = PBXBuildFile; fileRef = 72F2A569201755FB004DA13B /* RootWireframeProtocol.swift */; };
		72F2A56C2017561E004DA13B /* RootTabBarController.swift in Sources */ = {isa = PBXBuildFile; fileRef = 72F2A56B2017561E004DA13B /* RootTabBarController.swift */; };
		72F2A56E2017564F004DA13B /* RootInteractor.swift in Sources */ = {isa = PBXBuildFile; fileRef = 72F2A56D2017564F004DA13B /* RootInteractor.swift */; };
		72F2A57120176C39004DA13B /* DataStoragesListTableViewController.swift in Sources */ = {isa = PBXBuildFile; fileRef = 72F2A57020176C39004DA13B /* DataStoragesListTableViewController.swift */; };
		72F2A57320176C73004DA13B /* DataStoragesListWireframe.swift in Sources */ = {isa = PBXBuildFile; fileRef = 72F2A57220176C73004DA13B /* DataStoragesListWireframe.swift */; };
		72F2A57520176C94004DA13B /* DataStoragesListInteractor.swift in Sources */ = {isa = PBXBuildFile; fileRef = 72F2A57420176C94004DA13B /* DataStoragesListInteractor.swift */; };
		72FC5F0D2019BE7E003831D8 /* DataStoragesListPresenter.swift in Sources */ = {isa = PBXBuildFile; fileRef = 72FC5F0C2019BE7E003831D8 /* DataStoragesListPresenter.swift */; };
		72FC5F102019BECF003831D8 /* DataStoragesListView.storyboard in Resources */ = {isa = PBXBuildFile; fileRef = 72FC5F0F2019BECF003831D8 /* DataStoragesListView.storyboard */; };
		72FC5F122019BF36003831D8 /* ClientCell.swift in Sources */ = {isa = PBXBuildFile; fileRef = 72FC5F112019BF36003831D8 /* ClientCell.swift */; };
		72FC5F152019BF5A003831D8 /* ItemCell.swift in Sources */ = {isa = PBXBuildFile; fileRef = 72FC5F142019BF5A003831D8 /* ItemCell.swift */; };
		72FC5F172019BF7C003831D8 /* PlaceCell.swift in Sources */ = {isa = PBXBuildFile; fileRef = 72FC5F162019BF7C003831D8 /* PlaceCell.swift */; };
		72FC5F192019C575003831D8 /* ItemModel.swift in Sources */ = {isa = PBXBuildFile; fileRef = 72FC5F182019C575003831D8 /* ItemModel.swift */; };
		72FC5F1B2019C57D003831D8 /* PlaceModel.swift in Sources */ = {isa = PBXBuildFile; fileRef = 72FC5F1A2019C57D003831D8 /* PlaceModel.swift */; };
		72FC5F1D2019CB80003831D8 /* DataStoragesListPresenterProtocol.swift in Sources */ = {isa = PBXBuildFile; fileRef = 72FC5F1C2019CB80003831D8 /* DataStoragesListPresenterProtocol.swift */; };
		72FC5F1F2019CB94003831D8 /* DataStoragesListViewProtocol.swift in Sources */ = {isa = PBXBuildFile; fileRef = 72FC5F1E2019CB94003831D8 /* DataStoragesListViewProtocol.swift */; };
		72FC5F232019D3E7003831D8 /* DataStoragesListInteractorProtocol.swift in Sources */ = {isa = PBXBuildFile; fileRef = 72FC5F222019D3E7003831D8 /* DataStoragesListInteractorProtocol.swift */; };
		72FC5F252019DB7C003831D8 /* DataStoragesListWireframeProtocol.swift in Sources */ = {isa = PBXBuildFile; fileRef = 72FC5F242019DB7C003831D8 /* DataStoragesListWireframeProtocol.swift */; };
		72FC5F272019ECBC003831D8 /* NewClientAddViewProtocol.swift in Sources */ = {isa = PBXBuildFile; fileRef = 72FC5F262019ECBC003831D8 /* NewClientAddViewProtocol.swift */; };
		72FC5F2A201A0BC8003831D8 /* NewItemAddWireframe.swift in Sources */ = {isa = PBXBuildFile; fileRef = 72FC5F29201A0BC8003831D8 /* NewItemAddWireframe.swift */; };
		72FC5F2C201A0BDB003831D8 /* NewItemAddWireframeProtocol.swift in Sources */ = {isa = PBXBuildFile; fileRef = 72FC5F2B201A0BDB003831D8 /* NewItemAddWireframeProtocol.swift */; };
		72FC5F2F201A0BF4003831D8 /* NewItemAddPresenter.swift in Sources */ = {isa = PBXBuildFile; fileRef = 72FC5F2E201A0BF4003831D8 /* NewItemAddPresenter.swift */; };
		72FC5F31201A0BFF003831D8 /* NewItemAddPresenterProtocol.swift in Sources */ = {isa = PBXBuildFile; fileRef = 72FC5F30201A0BFF003831D8 /* NewItemAddPresenterProtocol.swift */; };
		72FC5F34201A0C18003831D8 /* NewItemAddInteractor.swift in Sources */ = {isa = PBXBuildFile; fileRef = 72FC5F33201A0C18003831D8 /* NewItemAddInteractor.swift */; };
		72FC5F36201A0C23003831D8 /* NewItemAddInteractorProtocol.swift in Sources */ = {isa = PBXBuildFile; fileRef = 72FC5F35201A0C23003831D8 /* NewItemAddInteractorProtocol.swift */; };
		72FC5F39201A0C48003831D8 /* NewItemAddViewController.swift in Sources */ = {isa = PBXBuildFile; fileRef = 72FC5F38201A0C48003831D8 /* NewItemAddViewController.swift */; };
		72FC5F3B201A0C52003831D8 /* NewItemAddViewProtocol.swift in Sources */ = {isa = PBXBuildFile; fileRef = 72FC5F3A201A0C52003831D8 /* NewItemAddViewProtocol.swift */; };
		72FC5F3D201A0C5C003831D8 /* NewItemAdd.storyboard in Resources */ = {isa = PBXBuildFile; fileRef = 72FC5F3C201A0C5C003831D8 /* NewItemAdd.storyboard */; };
		72FC5F41201A1710003831D8 /* NewPlaceAddViewController.swift in Sources */ = {isa = PBXBuildFile; fileRef = 72FC5F40201A1710003831D8 /* NewPlaceAddViewController.swift */; };
		72FC5F43201A172A003831D8 /* NewPlaceAddViewProtocol.swift in Sources */ = {isa = PBXBuildFile; fileRef = 72FC5F42201A172A003831D8 /* NewPlaceAddViewProtocol.swift */; };
		72FC5F48201A174E003831D8 /* NewPlaceAddPresenter.swift in Sources */ = {isa = PBXBuildFile; fileRef = 72FC5F47201A174E003831D8 /* NewPlaceAddPresenter.swift */; };
		72FC5F4A201A1759003831D8 /* NewPlaceAddPresenterProtocol.swift in Sources */ = {isa = PBXBuildFile; fileRef = 72FC5F49201A1759003831D8 /* NewPlaceAddPresenterProtocol.swift */; };
		72FC5F4C201A1764003831D8 /* NewPlaceAddInteractor.swift in Sources */ = {isa = PBXBuildFile; fileRef = 72FC5F4B201A1764003831D8 /* NewPlaceAddInteractor.swift */; };
		72FC5F4E201A1772003831D8 /* NewPlaceAddInteractorProtocol.swift in Sources */ = {isa = PBXBuildFile; fileRef = 72FC5F4D201A1772003831D8 /* NewPlaceAddInteractorProtocol.swift */; };
		72FC5F52201A1791003831D8 /* NewPlaceAddWireframe.swift in Sources */ = {isa = PBXBuildFile; fileRef = 72FC5F51201A1791003831D8 /* NewPlaceAddWireframe.swift */; };
		72FC5F54201A179C003831D8 /* NewPlaceAddWireframeProtocol.swift in Sources */ = {isa = PBXBuildFile; fileRef = 72FC5F53201A179C003831D8 /* NewPlaceAddWireframeProtocol.swift */; };
/* End PBXBuildFile section */

/* Begin PBXFileReference section */
		2133FAF1B165E152CA2C9E65 /* Pods-DeliveryHelper.debug.xcconfig */ = {isa = PBXFileReference; includeInIndex = 1; lastKnownFileType = text.xcconfig; name = "Pods-DeliveryHelper.debug.xcconfig"; path = "Pods/Target Support Files/Pods-DeliveryHelper/Pods-DeliveryHelper.debug.xcconfig"; sourceTree = "<group>"; };
		6BBA46B0FDB698D5F2CD0244 /* Pods_DeliveryHelper.framework */ = {isa = PBXFileReference; explicitFileType = wrapper.framework; includeInIndex = 0; path = Pods_DeliveryHelper.framework; sourceTree = BUILT_PRODUCTS_DIR; };
		72148C33202DCB2D00D09BA4 /* OrdersListViewProtocol.swift */ = {isa = PBXFileReference; lastKnownFileType = sourcecode.swift; path = OrdersListViewProtocol.swift; sourceTree = "<group>"; };
		72148C35202DCB3700D09BA4 /* OrdersListViewController.swift */ = {isa = PBXFileReference; lastKnownFileType = sourcecode.swift; path = OrdersListViewController.swift; sourceTree = "<group>"; };
		72148C37202DCB3D00D09BA4 /* OrdersList.storyboard */ = {isa = PBXFileReference; lastKnownFileType = file.storyboard; path = OrdersList.storyboard; sourceTree = "<group>"; };
		72148C39202DCB5E00D09BA4 /* OrdersListPresenter.swift */ = {isa = PBXFileReference; lastKnownFileType = sourcecode.swift; path = OrdersListPresenter.swift; sourceTree = "<group>"; };
		72148C3B202DCB6900D09BA4 /* OrdersListPresenterProtocol.swift */ = {isa = PBXFileReference; lastKnownFileType = sourcecode.swift; path = OrdersListPresenterProtocol.swift; sourceTree = "<group>"; };
		72148C3D202DCB7800D09BA4 /* OrdersListInteractorProtocol.swift */ = {isa = PBXFileReference; lastKnownFileType = sourcecode.swift; path = OrdersListInteractorProtocol.swift; sourceTree = "<group>"; };
		72148C3F202DCB8600D09BA4 /* OrdersListInteractor.swift */ = {isa = PBXFileReference; lastKnownFileType = sourcecode.swift; path = OrdersListInteractor.swift; sourceTree = "<group>"; };
		72148C41202DCB8F00D09BA4 /* OrdersListWireframe.swift */ = {isa = PBXFileReference; lastKnownFileType = sourcecode.swift; path = OrdersListWireframe.swift; sourceTree = "<group>"; };
		72148C43202DCB9E00D09BA4 /* OrdersListWireframeProtocol.swift */ = {isa = PBXFileReference; lastKnownFileType = sourcecode.swift; path = OrdersListWireframeProtocol.swift; sourceTree = "<group>"; };
		72148C4A202DDB3F00D09BA4 /* OrderTableViewCell.swift */ = {isa = PBXFileReference; lastKnownFileType = sourcecode.swift; path = OrderTableViewCell.swift; sourceTree = "<group>"; };
		722C8BBA201727DE002E474F /* DeliveryHelper.app */ = {isa = PBXFileReference; explicitFileType = wrapper.application; includeInIndex = 0; path = DeliveryHelper.app; sourceTree = BUILT_PRODUCTS_DIR; };
		722C8BBD201727DE002E474F /* AppDelegate.swift */ = {isa = PBXFileReference; lastKnownFileType = sourcecode.swift; path = AppDelegate.swift; sourceTree = "<group>"; };
		722C8BC4201727DE002E474F /* Assets.xcassets */ = {isa = PBXFileReference; lastKnownFileType = folder.assetcatalog; path = Assets.xcassets; sourceTree = "<group>"; };
		722C8BC7201727DE002E474F /* Base */ = {isa = PBXFileReference; lastKnownFileType = file.storyboard; name = Base; path = Base.lproj/LaunchScreen.storyboard; sourceTree = "<group>"; };
		722C8BC9201727DE002E474F /* Info.plist */ = {isa = PBXFileReference; lastKnownFileType = text.plist.xml; path = Info.plist; sourceTree = "<group>"; };
		722F6388201B59DE00B63D40 /* BasesListViewProtocol.swift */ = {isa = PBXFileReference; lastKnownFileType = sourcecode.swift; path = BasesListViewProtocol.swift; sourceTree = "<group>"; };
		722F638A201B59F100B63D40 /* BasesListViewController.swift */ = {isa = PBXFileReference; lastKnownFileType = sourcecode.swift; path = BasesListViewController.swift; sourceTree = "<group>"; };
		722F638C201B5A0100B63D40 /* BasesList.storyboard */ = {isa = PBXFileReference; lastKnownFileType = file.storyboard; path = BasesList.storyboard; sourceTree = "<group>"; };
		722F638F201B5A3200B63D40 /* BasesListPresenter.swift */ = {isa = PBXFileReference; lastKnownFileType = sourcecode.swift; path = BasesListPresenter.swift; sourceTree = "<group>"; };
		722F6391201B5A4100B63D40 /* BasesListPresenterProtocol.swift */ = {isa = PBXFileReference; lastKnownFileType = sourcecode.swift; path = BasesListPresenterProtocol.swift; sourceTree = "<group>"; };
		722F6394201B5A6900B63D40 /* BasesListWireframe.swift */ = {isa = PBXFileReference; lastKnownFileType = sourcecode.swift; path = BasesListWireframe.swift; sourceTree = "<group>"; };
		722F6396201B5A7A00B63D40 /* BasesListWireframeProtocol.swift */ = {isa = PBXFileReference; lastKnownFileType = sourcecode.swift; path = BasesListWireframeProtocol.swift; sourceTree = "<group>"; };
		725A5124202346B800EB0AEA /* TitleCell.swift */ = {isa = PBXFileReference; lastKnownFileType = sourcecode.swift; path = TitleCell.swift; sourceTree = "<group>"; };
		725A5126202346C700EB0AEA /* ItemsCell.swift */ = {isa = PBXFileReference; lastKnownFileType = sourcecode.swift; path = ItemsCell.swift; sourceTree = "<group>"; };
		725A5128202346DD00EB0AEA /* ClientPlaceCell.swift */ = {isa = PBXFileReference; lastKnownFileType = sourcecode.swift; path = ClientPlaceCell.swift; sourceTree = "<group>"; };
		725A512A2023474D00EB0AEA /* ButtonCell.swift */ = {isa = PBXFileReference; lastKnownFileType = sourcecode.swift; path = ButtonCell.swift; sourceTree = "<group>"; };
		725A512D20235BFD00EB0AEA /* UIViewControllerExtensions.swift */ = {isa = PBXFileReference; lastKnownFileType = sourcecode.swift; path = UIViewControllerExtensions.swift; sourceTree = "<group>"; };
		725F19D72021D1A000D50200 /* NewOrderPresenter.swift */ = {isa = PBXFileReference; lastKnownFileType = sourcecode.swift; path = NewOrderPresenter.swift; sourceTree = "<group>"; };
		725F19D92021D1A600D50200 /* NewOrderPresenterProtocol.swift */ = {isa = PBXFileReference; lastKnownFileType = sourcecode.swift; path = NewOrderPresenterProtocol.swift; sourceTree = "<group>"; };
		725F19DB2021D1B600D50200 /* NewOrderInteractor.swift */ = {isa = PBXFileReference; lastKnownFileType = sourcecode.swift; path = NewOrderInteractor.swift; sourceTree = "<group>"; };
		725F19DD2021D1C200D50200 /* NewOrderInteractorProtocol.swift */ = {isa = PBXFileReference; lastKnownFileType = sourcecode.swift; path = NewOrderInteractorProtocol.swift; sourceTree = "<group>"; };
		725F19DF2021D1CB00D50200 /* NewOrderWireframe.swift */ = {isa = PBXFileReference; lastKnownFileType = sourcecode.swift; path = NewOrderWireframe.swift; sourceTree = "<group>"; };
		725F19E12021D1D900D50200 /* NewOrderWireframeProtocol.swift */ = {isa = PBXFileReference; lastKnownFileType = sourcecode.swift; path = NewOrderWireframeProtocol.swift; sourceTree = "<group>"; };
		725F19E32021D1F000D50200 /* NewOrderViewProtocol.swift */ = {isa = PBXFileReference; lastKnownFileType = sourcecode.swift; path = NewOrderViewProtocol.swift; sourceTree = "<group>"; };
		725F19E52021D20000D50200 /* NewOrderViewController.swift */ = {isa = PBXFileReference; lastKnownFileType = sourcecode.swift; path = NewOrderViewController.swift; sourceTree = "<group>"; };
		725F19E72021D20900D50200 /* NewOrder.storyboard */ = {isa = PBXFileReference; lastKnownFileType = file.storyboard; path = NewOrder.storyboard; sourceTree = "<group>"; };
		726AB62B202B1553005C45CB /* DateExtension.swift */ = {isa = PBXFileReference; lastKnownFileType = sourcecode.swift; path = DateExtension.swift; sourceTree = "<group>"; };
		7295414720187CF600D41626 /* CoreDataManager.swift */ = {isa = PBXFileReference; fileEncoding = 4; lastKnownFileType = sourcecode.swift; path = CoreDataManager.swift; sourceTree = "<group>"; };
		7295414C20187D4F00D41626 /* ClientsDB.xcdatamodel */ = {isa = PBXFileReference; lastKnownFileType = wrapper.xcdatamodel; path = ClientsDB.xcdatamodel; sourceTree = "<group>"; };
		7295414E20187F8500D41626 /* NewClientAddViewController.swift */ = {isa = PBXFileReference; lastKnownFileType = sourcecode.swift; path = NewClientAddViewController.swift; sourceTree = "<group>"; };
		729541512018802D00D41626 /* NewClientAdd.storyboard */ = {isa = PBXFileReference; lastKnownFileType = file.storyboard; path = NewClientAdd.storyboard; sourceTree = "<group>"; };
		729541542018839400D41626 /* NewClientAddPresenterProtocol.swift */ = {isa = PBXFileReference; lastKnownFileType = sourcecode.swift; path = NewClientAddPresenterProtocol.swift; sourceTree = "<group>"; };
		7295415620189DCB00D41626 /* ClientModel.swift */ = {isa = PBXFileReference; lastKnownFileType = sourcecode.swift; path = ClientModel.swift; sourceTree = "<group>"; };
		729541592018A25C00D41626 /* NewClientAddPresenter.swift */ = {isa = PBXFileReference; lastKnownFileType = sourcecode.swift; path = NewClientAddPresenter.swift; sourceTree = "<group>"; };
		7295415B2018A2FA00D41626 /* NewClientAddInteractor.swift */ = {isa = PBXFileReference; lastKnownFileType = sourcecode.swift; path = NewClientAddInteractor.swift; sourceTree = "<group>"; };
		7295415E2018A33C00D41626 /* NewClientAddWireframe.swift */ = {isa = PBXFileReference; lastKnownFileType = sourcecode.swift; path = NewClientAddWireframe.swift; sourceTree = "<group>"; };
		729541612018A39A00D41626 /* NewClientAddInteractorProtocol.swift */ = {isa = PBXFileReference; lastKnownFileType = sourcecode.swift; path = NewClientAddInteractorProtocol.swift; sourceTree = "<group>"; };
		729541632018A45500D41626 /* NewClientAddWireframeProtocol.swift */ = {isa = PBXFileReference; lastKnownFileType = sourcecode.swift; path = NewClientAddWireframeProtocol.swift; sourceTree = "<group>"; };
		729541672018AE2E00D41626 /* RootPresenter.swift */ = {isa = PBXFileReference; lastKnownFileType = sourcecode.swift; path = RootPresenter.swift; sourceTree = "<group>"; };
		729A3CC820245C7500A71088 /* DataStoragesListDelegateProtocol.swift */ = {isa = PBXFileReference; lastKnownFileType = sourcecode.swift; path = DataStoragesListDelegateProtocol.swift; sourceTree = "<group>"; };
		72B7BAC320319D9C0086AEA0 /* CalendarCell.swift */ = {isa = PBXFileReference; lastKnownFileType = sourcecode.swift; path = CalendarCell.swift; sourceTree = "<group>"; };
		72B7BAC72031CA5F0086AEA0 /* CalendarHeaderView.swift */ = {isa = PBXFileReference; lastKnownFileType = sourcecode.swift; path = CalendarHeaderView.swift; sourceTree = "<group>"; };
		72E5FE9F2028906E00CB5A9B /* OrderModel.swift */ = {isa = PBXFileReference; lastKnownFileType = sourcecode.swift; path = OrderModel.swift; sourceTree = "<group>"; };
		72F2A5662017552D004DA13B /* RootWireframe.swift */ = {isa = PBXFileReference; lastKnownFileType = sourcecode.swift; path = RootWireframe.swift; sourceTree = "<group>"; };
		72F2A569201755FB004DA13B /* RootWireframeProtocol.swift */ = {isa = PBXFileReference; lastKnownFileType = sourcecode.swift; path = RootWireframeProtocol.swift; sourceTree = "<group>"; };
		72F2A56B2017561E004DA13B /* RootTabBarController.swift */ = {isa = PBXFileReference; lastKnownFileType = sourcecode.swift; path = RootTabBarController.swift; sourceTree = "<group>"; };
		72F2A56D2017564F004DA13B /* RootInteractor.swift */ = {isa = PBXFileReference; lastKnownFileType = sourcecode.swift; path = RootInteractor.swift; sourceTree = "<group>"; };
		72F2A57020176C39004DA13B /* DataStoragesListTableViewController.swift */ = {isa = PBXFileReference; lastKnownFileType = sourcecode.swift; path = DataStoragesListTableViewController.swift; sourceTree = "<group>"; };
		72F2A57220176C73004DA13B /* DataStoragesListWireframe.swift */ = {isa = PBXFileReference; lastKnownFileType = sourcecode.swift; path = DataStoragesListWireframe.swift; sourceTree = "<group>"; };
		72F2A57420176C94004DA13B /* DataStoragesListInteractor.swift */ = {isa = PBXFileReference; lastKnownFileType = sourcecode.swift; path = DataStoragesListInteractor.swift; sourceTree = "<group>"; };
		72FC5F0C2019BE7E003831D8 /* DataStoragesListPresenter.swift */ = {isa = PBXFileReference; lastKnownFileType = sourcecode.swift; path = DataStoragesListPresenter.swift; sourceTree = "<group>"; };
		72FC5F0F2019BECF003831D8 /* DataStoragesListView.storyboard */ = {isa = PBXFileReference; lastKnownFileType = file.storyboard; path = DataStoragesListView.storyboard; sourceTree = "<group>"; };
		72FC5F112019BF36003831D8 /* ClientCell.swift */ = {isa = PBXFileReference; lastKnownFileType = sourcecode.swift; path = ClientCell.swift; sourceTree = "<group>"; };
		72FC5F142019BF5A003831D8 /* ItemCell.swift */ = {isa = PBXFileReference; lastKnownFileType = sourcecode.swift; path = ItemCell.swift; sourceTree = "<group>"; };
		72FC5F162019BF7C003831D8 /* PlaceCell.swift */ = {isa = PBXFileReference; lastKnownFileType = sourcecode.swift; path = PlaceCell.swift; sourceTree = "<group>"; };
		72FC5F182019C575003831D8 /* ItemModel.swift */ = {isa = PBXFileReference; lastKnownFileType = sourcecode.swift; path = ItemModel.swift; sourceTree = "<group>"; };
		72FC5F1A2019C57D003831D8 /* PlaceModel.swift */ = {isa = PBXFileReference; lastKnownFileType = sourcecode.swift; path = PlaceModel.swift; sourceTree = "<group>"; };
		72FC5F1C2019CB80003831D8 /* DataStoragesListPresenterProtocol.swift */ = {isa = PBXFileReference; lastKnownFileType = sourcecode.swift; path = DataStoragesListPresenterProtocol.swift; sourceTree = "<group>"; };
		72FC5F1E2019CB94003831D8 /* DataStoragesListViewProtocol.swift */ = {isa = PBXFileReference; lastKnownFileType = sourcecode.swift; path = DataStoragesListViewProtocol.swift; sourceTree = "<group>"; };
		72FC5F222019D3E7003831D8 /* DataStoragesListInteractorProtocol.swift */ = {isa = PBXFileReference; lastKnownFileType = sourcecode.swift; path = DataStoragesListInteractorProtocol.swift; sourceTree = "<group>"; };
		72FC5F242019DB7C003831D8 /* DataStoragesListWireframeProtocol.swift */ = {isa = PBXFileReference; lastKnownFileType = sourcecode.swift; path = DataStoragesListWireframeProtocol.swift; sourceTree = "<group>"; };
		72FC5F262019ECBC003831D8 /* NewClientAddViewProtocol.swift */ = {isa = PBXFileReference; lastKnownFileType = sourcecode.swift; path = NewClientAddViewProtocol.swift; sourceTree = "<group>"; };
		72FC5F29201A0BC8003831D8 /* NewItemAddWireframe.swift */ = {isa = PBXFileReference; lastKnownFileType = sourcecode.swift; path = NewItemAddWireframe.swift; sourceTree = "<group>"; };
		72FC5F2B201A0BDB003831D8 /* NewItemAddWireframeProtocol.swift */ = {isa = PBXFileReference; lastKnownFileType = sourcecode.swift; path = NewItemAddWireframeProtocol.swift; sourceTree = "<group>"; };
		72FC5F2E201A0BF4003831D8 /* NewItemAddPresenter.swift */ = {isa = PBXFileReference; lastKnownFileType = sourcecode.swift; path = NewItemAddPresenter.swift; sourceTree = "<group>"; };
		72FC5F30201A0BFF003831D8 /* NewItemAddPresenterProtocol.swift */ = {isa = PBXFileReference; lastKnownFileType = sourcecode.swift; path = NewItemAddPresenterProtocol.swift; sourceTree = "<group>"; };
		72FC5F33201A0C18003831D8 /* NewItemAddInteractor.swift */ = {isa = PBXFileReference; lastKnownFileType = sourcecode.swift; path = NewItemAddInteractor.swift; sourceTree = "<group>"; };
		72FC5F35201A0C23003831D8 /* NewItemAddInteractorProtocol.swift */ = {isa = PBXFileReference; lastKnownFileType = sourcecode.swift; path = NewItemAddInteractorProtocol.swift; sourceTree = "<group>"; };
		72FC5F38201A0C48003831D8 /* NewItemAddViewController.swift */ = {isa = PBXFileReference; lastKnownFileType = sourcecode.swift; path = NewItemAddViewController.swift; sourceTree = "<group>"; };
		72FC5F3A201A0C52003831D8 /* NewItemAddViewProtocol.swift */ = {isa = PBXFileReference; lastKnownFileType = sourcecode.swift; path = NewItemAddViewProtocol.swift; sourceTree = "<group>"; };
		72FC5F3C201A0C5C003831D8 /* NewItemAdd.storyboard */ = {isa = PBXFileReference; lastKnownFileType = file.storyboard; path = NewItemAdd.storyboard; sourceTree = "<group>"; };
		72FC5F40201A1710003831D8 /* NewPlaceAddViewController.swift */ = {isa = PBXFileReference; lastKnownFileType = sourcecode.swift; path = NewPlaceAddViewController.swift; sourceTree = "<group>"; };
		72FC5F42201A172A003831D8 /* NewPlaceAddViewProtocol.swift */ = {isa = PBXFileReference; lastKnownFileType = sourcecode.swift; path = NewPlaceAddViewProtocol.swift; sourceTree = "<group>"; };
		72FC5F47201A174E003831D8 /* NewPlaceAddPresenter.swift */ = {isa = PBXFileReference; lastKnownFileType = sourcecode.swift; path = NewPlaceAddPresenter.swift; sourceTree = "<group>"; };
		72FC5F49201A1759003831D8 /* NewPlaceAddPresenterProtocol.swift */ = {isa = PBXFileReference; lastKnownFileType = sourcecode.swift; path = NewPlaceAddPresenterProtocol.swift; sourceTree = "<group>"; };
		72FC5F4B201A1764003831D8 /* NewPlaceAddInteractor.swift */ = {isa = PBXFileReference; lastKnownFileType = sourcecode.swift; path = NewPlaceAddInteractor.swift; sourceTree = "<group>"; };
		72FC5F4D201A1772003831D8 /* NewPlaceAddInteractorProtocol.swift */ = {isa = PBXFileReference; lastKnownFileType = sourcecode.swift; path = NewPlaceAddInteractorProtocol.swift; sourceTree = "<group>"; };
		72FC5F51201A1791003831D8 /* NewPlaceAddWireframe.swift */ = {isa = PBXFileReference; lastKnownFileType = sourcecode.swift; path = NewPlaceAddWireframe.swift; sourceTree = "<group>"; };
		72FC5F53201A179C003831D8 /* NewPlaceAddWireframeProtocol.swift */ = {isa = PBXFileReference; lastKnownFileType = sourcecode.swift; path = NewPlaceAddWireframeProtocol.swift; sourceTree = "<group>"; };
		8DF4970DE367AB547F8669B6 /* Pods-DeliveryHelper.release.xcconfig */ = {isa = PBXFileReference; includeInIndex = 1; lastKnownFileType = text.xcconfig; name = "Pods-DeliveryHelper.release.xcconfig"; path = "Pods/Target Support Files/Pods-DeliveryHelper/Pods-DeliveryHelper.release.xcconfig"; sourceTree = "<group>"; };
/* End PBXFileReference section */

/* Begin PBXFrameworksBuildPhase section */
		722C8BB7201727DE002E474F /* Frameworks */ = {
			isa = PBXFrameworksBuildPhase;
			buildActionMask = 2147483647;
			files = (
				5DA53F7180ACB56BB8C293E6 /* Pods_DeliveryHelper.framework in Frameworks */,
			);
			runOnlyForDeploymentPostprocessing = 0;
		};
/* End PBXFrameworksBuildPhase section */

/* Begin PBXGroup section */
		5DC1E09A46A4E7A75B85ECA0 /* Pods */ = {
			isa = PBXGroup;
			children = (
				2133FAF1B165E152CA2C9E65 /* Pods-DeliveryHelper.debug.xcconfig */,
				8DF4970DE367AB547F8669B6 /* Pods-DeliveryHelper.release.xcconfig */,
			);
			name = Pods;
			sourceTree = "<group>";
		};
		72148C45202DCBA400D09BA4 /* View */ = {
			isa = PBXGroup;
			children = (
				72148C4C202DDB4200D09BA4 /* Cells */,
				72148C33202DCB2D00D09BA4 /* OrdersListViewProtocol.swift */,
				72148C35202DCB3700D09BA4 /* OrdersListViewController.swift */,
				72148C37202DCB3D00D09BA4 /* OrdersList.storyboard */,
			);
			path = View;
			sourceTree = "<group>";
		};
		72148C46202DCBAD00D09BA4 /* Presenter */ = {
			isa = PBXGroup;
			children = (
				72148C39202DCB5E00D09BA4 /* OrdersListPresenter.swift */,
				72148C3B202DCB6900D09BA4 /* OrdersListPresenterProtocol.swift */,
			);
			path = Presenter;
			sourceTree = "<group>";
		};
		72148C47202DCBB500D09BA4 /* Interactor */ = {
			isa = PBXGroup;
			children = (
				72148C3D202DCB7800D09BA4 /* OrdersListInteractorProtocol.swift */,
				72148C3F202DCB8600D09BA4 /* OrdersListInteractor.swift */,
			);
			path = Interactor;
			sourceTree = "<group>";
		};
		72148C48202DCBBE00D09BA4 /* Wireframe */ = {
			isa = PBXGroup;
			children = (
				72148C41202DCB8F00D09BA4 /* OrdersListWireframe.swift */,
				72148C43202DCB9E00D09BA4 /* OrdersListWireframeProtocol.swift */,
			);
			path = Wireframe;
			sourceTree = "<group>";
		};
		72148C49202DCBC700D09BA4 /* OrdersListModule */ = {
			isa = PBXGroup;
			children = (
				72148C45202DCBA400D09BA4 /* View */,
				72148C46202DCBAD00D09BA4 /* Presenter */,
				72148C47202DCBB500D09BA4 /* Interactor */,
				72148C48202DCBBE00D09BA4 /* Wireframe */,
			);
			path = OrdersListModule;
			sourceTree = "<group>";
		};
		72148C4C202DDB4200D09BA4 /* Cells */ = {
			isa = PBXGroup;
			children = (
				72148C4A202DDB3F00D09BA4 /* OrderTableViewCell.swift */,
				72B7BAC72031CA5F0086AEA0 /* CalendarHeaderView.swift */,
				72B7BAC320319D9C0086AEA0 /* CalendarCell.swift */,
			);
			path = Cells;
			sourceTree = "<group>";
		};
		722C8BB1201727DE002E474F = {
			isa = PBXGroup;
			children = (
				722C8BBC201727DE002E474F /* DeliveryHelper */,
				722C8BBB201727DE002E474F /* Products */,
				5DC1E09A46A4E7A75B85ECA0 /* Pods */,
				7DC760BA6D6D994BD794AB09 /* Frameworks */,
			);
			sourceTree = "<group>";
		};
		722C8BBB201727DE002E474F /* Products */ = {
			isa = PBXGroup;
			children = (
				722C8BBA201727DE002E474F /* DeliveryHelper.app */,
			);
			name = Products;
			sourceTree = "<group>";
		};
		722C8BBC201727DE002E474F /* DeliveryHelper */ = {
			isa = PBXGroup;
			children = (
				722C8BBD201727DE002E474F /* AppDelegate.swift */,
				725A512F20235D5800EB0AEA /* Helpers */,
				7295414920187D1200D41626 /* Common */,
				72F2A56820175539004DA13B /* RootModule */,
				72148C49202DCBC700D09BA4 /* OrdersListModule */,
				725F19ED2021D2D200D50200 /* NewOrderModule */,
				722F6399201B5A8800B63D40 /* BasesListModule */,
				72F2A57620176CBB004DA13B /* DataStoragesListModule */,
				72FC5F56201A17AA003831D8 /* NewPlaceAddModule */,
				72FC5F3F201A0C79003831D8 /* NewItemAddModule */,
				7295415020187FD100D41626 /* NewClientModule */,
				722C8BC4201727DE002E474F /* Assets.xcassets */,
				722C8BC6201727DE002E474F /* LaunchScreen.storyboard */,
				722C8BC9201727DE002E474F /* Info.plist */,
			);
			path = DeliveryHelper;
			sourceTree = "<group>";
		};
		722F638E201B5A0700B63D40 /* View */ = {
			isa = PBXGroup;
			children = (
				722F6388201B59DE00B63D40 /* BasesListViewProtocol.swift */,
				722F638A201B59F100B63D40 /* BasesListViewController.swift */,
				722F638C201B5A0100B63D40 /* BasesList.storyboard */,
			);
			path = View;
			sourceTree = "<group>";
		};
		722F6393201B5A5300B63D40 /* Presenter */ = {
			isa = PBXGroup;
			children = (
				722F638F201B5A3200B63D40 /* BasesListPresenter.swift */,
				722F6391201B5A4100B63D40 /* BasesListPresenterProtocol.swift */,
			);
			path = Presenter;
			sourceTree = "<group>";
		};
		722F6398201B5A7E00B63D40 /* Wireframe */ = {
			isa = PBXGroup;
			children = (
				722F6394201B5A6900B63D40 /* BasesListWireframe.swift */,
				722F6396201B5A7A00B63D40 /* BasesListWireframeProtocol.swift */,
			);
			path = Wireframe;
			sourceTree = "<group>";
		};
		722F6399201B5A8800B63D40 /* BasesListModule */ = {
			isa = PBXGroup;
			children = (
				722F638E201B5A0700B63D40 /* View */,
				722F6393201B5A5300B63D40 /* Presenter */,
				722F6398201B5A7E00B63D40 /* Wireframe */,
			);
			path = BasesListModule;
			sourceTree = "<group>";
		};
		725A512C2023475200EB0AEA /* Cells */ = {
			isa = PBXGroup;
			children = (
				725A5124202346B800EB0AEA /* TitleCell.swift */,
				725A5126202346C700EB0AEA /* ItemsCell.swift */,
				725A5128202346DD00EB0AEA /* ClientPlaceCell.swift */,
				725A512A2023474D00EB0AEA /* ButtonCell.swift */,
			);
			path = Cells;
			sourceTree = "<group>";
		};
		725A512F20235D5800EB0AEA /* Helpers */ = {
			isa = PBXGroup;
			children = (
				725A512D20235BFD00EB0AEA /* UIViewControllerExtensions.swift */,
				726AB62B202B1553005C45CB /* DateExtension.swift */,
			);
			path = Helpers;
			sourceTree = "<group>";
		};
		725F19E92021D2A800D50200 /* View */ = {
			isa = PBXGroup;
			children = (
				725A512C2023475200EB0AEA /* Cells */,
				725F19E32021D1F000D50200 /* NewOrderViewProtocol.swift */,
				725F19E52021D20000D50200 /* NewOrderViewController.swift */,
				725F19E72021D20900D50200 /* NewOrder.storyboard */,
			);
			path = View;
			sourceTree = "<group>";
		};
		725F19EA2021D2B000D50200 /* Wireframe */ = {
			isa = PBXGroup;
			children = (
				725F19DF2021D1CB00D50200 /* NewOrderWireframe.swift */,
				725F19E12021D1D900D50200 /* NewOrderWireframeProtocol.swift */,
			);
			path = Wireframe;
			sourceTree = "<group>";
		};
		725F19EB2021D2B900D50200 /* Interactor */ = {
			isa = PBXGroup;
			children = (
				725F19DB2021D1B600D50200 /* NewOrderInteractor.swift */,
				725F19DD2021D1C200D50200 /* NewOrderInteractorProtocol.swift */,
			);
			path = Interactor;
			sourceTree = "<group>";
		};
		725F19EC2021D2C500D50200 /* Presenter */ = {
			isa = PBXGroup;
			children = (
				725F19D72021D1A000D50200 /* NewOrderPresenter.swift */,
				725F19D92021D1A600D50200 /* NewOrderPresenterProtocol.swift */,
			);
			path = Presenter;
			sourceTree = "<group>";
		};
		725F19ED2021D2D200D50200 /* NewOrderModule */ = {
			isa = PBXGroup;
			children = (
				725F19E92021D2A800D50200 /* View */,
				725F19EC2021D2C500D50200 /* Presenter */,
				725F19EB2021D2B900D50200 /* Interactor */,
				725F19EA2021D2B000D50200 /* Wireframe */,
			);
			path = NewOrderModule;
			sourceTree = "<group>";
		};
		7295414920187D1200D41626 /* Common */ = {
			isa = PBXGroup;
			children = (
				7295414A20187D1C00D41626 /* CoreData */,
			);
			path = Common;
			sourceTree = "<group>";
		};
		7295414A20187D1C00D41626 /* CoreData */ = {
			isa = PBXGroup;
			children = (
				72FC5F28201A0AB1003831D8 /* Models */,
				7295414720187CF600D41626 /* CoreDataManager.swift */,
				7295414B20187D4F00D41626 /* DataBase.xcdatamodeld */,
			);
			path = CoreData;
			sourceTree = "<group>";
		};
		7295415020187FD100D41626 /* NewClientModule */ = {
			isa = PBXGroup;
			children = (
				729541532018836600D41626 /* View */,
				7295415820189EB400D41626 /* Presenter */,
				7295415D2018A2FF00D41626 /* Interactor */,
				729541602018A34D00D41626 /* Wireframe */,
			);
			path = NewClientModule;
			sourceTree = "<group>";
		};
		729541532018836600D41626 /* View */ = {
			isa = PBXGroup;
			children = (
				7295414E20187F8500D41626 /* NewClientAddViewController.swift */,
				72FC5F262019ECBC003831D8 /* NewClientAddViewProtocol.swift */,
				729541512018802D00D41626 /* NewClientAdd.storyboard */,
			);
			path = View;
			sourceTree = "<group>";
		};
		7295415820189EB400D41626 /* Presenter */ = {
			isa = PBXGroup;
			children = (
				729541542018839400D41626 /* NewClientAddPresenterProtocol.swift */,
				729541592018A25C00D41626 /* NewClientAddPresenter.swift */,
			);
			path = Presenter;
			sourceTree = "<group>";
		};
		7295415D2018A2FF00D41626 /* Interactor */ = {
			isa = PBXGroup;
			children = (
				729541612018A39A00D41626 /* NewClientAddInteractorProtocol.swift */,
				7295415B2018A2FA00D41626 /* NewClientAddInteractor.swift */,
			);
			path = Interactor;
			sourceTree = "<group>";
		};
		729541602018A34D00D41626 /* Wireframe */ = {
			isa = PBXGroup;
			children = (
				729541632018A45500D41626 /* NewClientAddWireframeProtocol.swift */,
				7295415E2018A33C00D41626 /* NewClientAddWireframe.swift */,
			);
			path = Wireframe;
			sourceTree = "<group>";
		};
		729541652018ADA900D41626 /* View */ = {
			isa = PBXGroup;
			children = (
				72F2A56B2017561E004DA13B /* RootTabBarController.swift */,
			);
			path = View;
			sourceTree = "<group>";
		};
		729541662018ADB300D41626 /* Interactor */ = {
			isa = PBXGroup;
			children = (
				72F2A56D2017564F004DA13B /* RootInteractor.swift */,
			);
			path = Interactor;
			sourceTree = "<group>";
		};
		729541692018AE3100D41626 /* Presenter */ = {
			isa = PBXGroup;
			children = (
				729541672018AE2E00D41626 /* RootPresenter.swift */,
			);
			path = Presenter;
			sourceTree = "<group>";
		};
		72F2A56820175539004DA13B /* RootModule */ = {
			isa = PBXGroup;
			children = (
				729541652018ADA900D41626 /* View */,
				729541692018AE3100D41626 /* Presenter */,
				729541662018ADB300D41626 /* Interactor */,
				72F2A56F20176392004DA13B /* Wireframe */,
			);
			path = RootModule;
			sourceTree = "<group>";
		};
		72F2A56F20176392004DA13B /* Wireframe */ = {
			isa = PBXGroup;
			children = (
				72F2A569201755FB004DA13B /* RootWireframeProtocol.swift */,
				72F2A5662017552D004DA13B /* RootWireframe.swift */,
			);
			path = Wireframe;
			sourceTree = "<group>";
		};
		72F2A57620176CBB004DA13B /* DataStoragesListModule */ = {
			isa = PBXGroup;
			children = (
				72FC5F092019BE36003831D8 /* View */,
				72FC5F0E2019BE83003831D8 /* Presenter */,
				72FC5F0B2019BE45003831D8 /* Interactor */,
				72FC5F0A2019BE3C003831D8 /* Wireframe */,
			);
			path = DataStoragesListModule;
			sourceTree = "<group>";
		};
		72FC5F092019BE36003831D8 /* View */ = {
			isa = PBXGroup;
			children = (
				72FC5F132019BF3E003831D8 /* Cells */,
				72F2A57020176C39004DA13B /* DataStoragesListTableViewController.swift */,
				72FC5F1E2019CB94003831D8 /* DataStoragesListViewProtocol.swift */,
				72FC5F0F2019BECF003831D8 /* DataStoragesListView.storyboard */,
			);
			path = View;
			sourceTree = "<group>";
		};
		72FC5F0A2019BE3C003831D8 /* Wireframe */ = {
			isa = PBXGroup;
			children = (
				72F2A57220176C73004DA13B /* DataStoragesListWireframe.swift */,
				72FC5F242019DB7C003831D8 /* DataStoragesListWireframeProtocol.swift */,
			);
			path = Wireframe;
			sourceTree = "<group>";
		};
		72FC5F0B2019BE45003831D8 /* Interactor */ = {
			isa = PBXGroup;
			children = (
				72F2A57420176C94004DA13B /* DataStoragesListInteractor.swift */,
				72FC5F222019D3E7003831D8 /* DataStoragesListInteractorProtocol.swift */,
			);
			path = Interactor;
			sourceTree = "<group>";
		};
		72FC5F0E2019BE83003831D8 /* Presenter */ = {
			isa = PBXGroup;
			children = (
				729A3CC820245C7500A71088 /* DataStoragesListDelegateProtocol.swift */,
				72FC5F0C2019BE7E003831D8 /* DataStoragesListPresenter.swift */,
				72FC5F1C2019CB80003831D8 /* DataStoragesListPresenterProtocol.swift */,
			);
			path = Presenter;
			sourceTree = "<group>";
		};
		72FC5F132019BF3E003831D8 /* Cells */ = {
			isa = PBXGroup;
			children = (
				72FC5F142019BF5A003831D8 /* ItemCell.swift */,
				72FC5F112019BF36003831D8 /* ClientCell.swift */,
				72FC5F162019BF7C003831D8 /* PlaceCell.swift */,
			);
			path = Cells;
			sourceTree = "<group>";
		};
		72FC5F28201A0AB1003831D8 /* Models */ = {
			isa = PBXGroup;
			children = (
				7295415620189DCB00D41626 /* ClientModel.swift */,
				72FC5F182019C575003831D8 /* ItemModel.swift */,
				72FC5F1A2019C57D003831D8 /* PlaceModel.swift */,
				72E5FE9F2028906E00CB5A9B /* OrderModel.swift */,
			);
			path = Models;
			sourceTree = "<group>";
		};
		72FC5F2D201A0BDF003831D8 /* Wireframe */ = {
			isa = PBXGroup;
			children = (
				72FC5F2B201A0BDB003831D8 /* NewItemAddWireframeProtocol.swift */,
				72FC5F29201A0BC8003831D8 /* NewItemAddWireframe.swift */,
			);
			path = Wireframe;
			sourceTree = "<group>";
		};
		72FC5F32201A0C04003831D8 /* Presenter */ = {
			isa = PBXGroup;
			children = (
				72FC5F30201A0BFF003831D8 /* NewItemAddPresenterProtocol.swift */,
				72FC5F2E201A0BF4003831D8 /* NewItemAddPresenter.swift */,
			);
			path = Presenter;
			sourceTree = "<group>";
		};
		72FC5F37201A0C2B003831D8 /* Interactor */ = {
			isa = PBXGroup;
			children = (
				72FC5F35201A0C23003831D8 /* NewItemAddInteractorProtocol.swift */,
				72FC5F33201A0C18003831D8 /* NewItemAddInteractor.swift */,
			);
			path = Interactor;
			sourceTree = "<group>";
		};
		72FC5F3E201A0C61003831D8 /* View */ = {
			isa = PBXGroup;
			children = (
				72FC5F3A201A0C52003831D8 /* NewItemAddViewProtocol.swift */,
				72FC5F3C201A0C5C003831D8 /* NewItemAdd.storyboard */,
				72FC5F38201A0C48003831D8 /* NewItemAddViewController.swift */,
			);
			path = View;
			sourceTree = "<group>";
		};
		72FC5F3F201A0C79003831D8 /* NewItemAddModule */ = {
			isa = PBXGroup;
			children = (
				72FC5F3E201A0C61003831D8 /* View */,
				72FC5F32201A0C04003831D8 /* Presenter */,
				72FC5F37201A0C2B003831D8 /* Interactor */,
				72FC5F2D201A0BDF003831D8 /* Wireframe */,
			);
			path = NewItemAddModule;
			sourceTree = "<group>";
		};
		72FC5F46201A173E003831D8 /* View */ = {
			isa = PBXGroup;
			children = (
				72FC5F42201A172A003831D8 /* NewPlaceAddViewProtocol.swift */,
				72FC5F40201A1710003831D8 /* NewPlaceAddViewController.swift */,
			);
			path = View;
			sourceTree = "<group>";
		};
		72FC5F4F201A1778003831D8 /* Presenter */ = {
			isa = PBXGroup;
			children = (
				72FC5F49201A1759003831D8 /* NewPlaceAddPresenterProtocol.swift */,
				72FC5F47201A174E003831D8 /* NewPlaceAddPresenter.swift */,
			);
			path = Presenter;
			sourceTree = "<group>";
		};
		72FC5F50201A1780003831D8 /* Interactor */ = {
			isa = PBXGroup;
			children = (
				72FC5F4D201A1772003831D8 /* NewPlaceAddInteractorProtocol.swift */,
				72FC5F4B201A1764003831D8 /* NewPlaceAddInteractor.swift */,
			);
			path = Interactor;
			sourceTree = "<group>";
		};
		72FC5F55201A17A3003831D8 /* Wireframe */ = {
			isa = PBXGroup;
			children = (
				72FC5F53201A179C003831D8 /* NewPlaceAddWireframeProtocol.swift */,
				72FC5F51201A1791003831D8 /* NewPlaceAddWireframe.swift */,
			);
			path = Wireframe;
			sourceTree = "<group>";
		};
		72FC5F56201A17AA003831D8 /* NewPlaceAddModule */ = {
			isa = PBXGroup;
			children = (
				72FC5F46201A173E003831D8 /* View */,
				72FC5F4F201A1778003831D8 /* Presenter */,
				72FC5F50201A1780003831D8 /* Interactor */,
				72FC5F55201A17A3003831D8 /* Wireframe */,
			);
			path = NewPlaceAddModule;
			sourceTree = "<group>";
		};
		7DC760BA6D6D994BD794AB09 /* Frameworks */ = {
			isa = PBXGroup;
			children = (
				6BBA46B0FDB698D5F2CD0244 /* Pods_DeliveryHelper.framework */,
			);
			name = Frameworks;
			sourceTree = "<group>";
		};
/* End PBXGroup section */

/* Begin PBXNativeTarget section */
		722C8BB9201727DE002E474F /* DeliveryHelper */ = {
			isa = PBXNativeTarget;
			buildConfigurationList = 722C8BCC201727DE002E474F /* Build configuration list for PBXNativeTarget "DeliveryHelper" */;
			buildPhases = (
				1ACFA011CE0F948FF85C0A45 /* [CP] Check Pods Manifest.lock */,
				722C8BB6201727DE002E474F /* Sources */,
				722C8BB7201727DE002E474F /* Frameworks */,
				722C8BB8201727DE002E474F /* Resources */,
				85A424152806F9FCF31B7C71 /* [CP] Embed Pods Frameworks */,
				1A3CD87D8F0554FD5F923344 /* [CP] Copy Pods Resources */,
			);
			buildRules = (
			);
			dependencies = (
			);
			name = DeliveryHelper;
			productName = DeliveryHelper;
			productReference = 722C8BBA201727DE002E474F /* DeliveryHelper.app */;
			productType = "com.apple.product-type.application";
		};
/* End PBXNativeTarget section */

/* Begin PBXProject section */
		722C8BB2201727DE002E474F /* Project object */ = {
			isa = PBXProject;
			attributes = {
				LastSwiftUpdateCheck = 0920;
				LastUpgradeCheck = 0920;
				ORGANIZATIONNAME = "Ivan Denezhkin";
				TargetAttributes = {
					722C8BB9201727DE002E474F = {
						CreatedOnToolsVersion = 9.2;
						ProvisioningStyle = Automatic;
					};
				};
			};
			buildConfigurationList = 722C8BB5201727DE002E474F /* Build configuration list for PBXProject "DeliveryHelper" */;
			compatibilityVersion = "Xcode 8.0";
			developmentRegion = en;
			hasScannedForEncodings = 0;
			knownRegions = (
				en,
				Base,
			);
			mainGroup = 722C8BB1201727DE002E474F;
			productRefGroup = 722C8BBB201727DE002E474F /* Products */;
			projectDirPath = "";
			projectRoot = "";
			targets = (
				722C8BB9201727DE002E474F /* DeliveryHelper */,
			);
		};
/* End PBXProject section */

/* Begin PBXResourcesBuildPhase section */
		722C8BB8201727DE002E474F /* Resources */ = {
			isa = PBXResourcesBuildPhase;
			buildActionMask = 2147483647;
			files = (
				725F19E82021D20900D50200 /* NewOrder.storyboard in Resources */,
				72FC5F3D201A0C5C003831D8 /* NewItemAdd.storyboard in Resources */,
				72148C38202DCB3D00D09BA4 /* OrdersList.storyboard in Resources */,
				722F638D201B5A0100B63D40 /* BasesList.storyboard in Resources */,
				722C8BC8201727DE002E474F /* LaunchScreen.storyboard in Resources */,
				729541522018802D00D41626 /* NewClientAdd.storyboard in Resources */,
				722C8BC5201727DE002E474F /* Assets.xcassets in Resources */,
				72FC5F102019BECF003831D8 /* DataStoragesListView.storyboard in Resources */,
			);
			runOnlyForDeploymentPostprocessing = 0;
		};
/* End PBXResourcesBuildPhase section */

/* Begin PBXShellScriptBuildPhase section */
		1A3CD87D8F0554FD5F923344 /* [CP] Copy Pods Resources */ = {
			isa = PBXShellScriptBuildPhase;
			buildActionMask = 2147483647;
			files = (
			);
			inputPaths = (
				"${SRCROOT}/Pods/Target Support Files/Pods-DeliveryHelper/Pods-DeliveryHelper-resources.sh",
				"${PODS_ROOT}/GoogleMaps/Maps/Frameworks/GoogleMaps.framework/Resources/GoogleMaps.bundle",
				"${PODS_ROOT}/GooglePlacePicker/Frameworks/GooglePlacePicker.framework/Resources/GooglePlacePicker.bundle",
				"${PODS_ROOT}/GooglePlaces/Frameworks/GooglePlaces.framework/Resources/GooglePlaces.bundle",
			);
			name = "[CP] Copy Pods Resources";
			outputPaths = (
				"${TARGET_BUILD_DIR}/${UNLOCALIZED_RESOURCES_FOLDER_PATH}",
			);
			runOnlyForDeploymentPostprocessing = 0;
			shellPath = /bin/sh;
			shellScript = "\"${SRCROOT}/Pods/Target Support Files/Pods-DeliveryHelper/Pods-DeliveryHelper-resources.sh\"\n";
			showEnvVarsInLog = 0;
		};
		1ACFA011CE0F948FF85C0A45 /* [CP] Check Pods Manifest.lock */ = {
			isa = PBXShellScriptBuildPhase;
			buildActionMask = 2147483647;
			files = (
			);
			inputPaths = (
				"${PODS_PODFILE_DIR_PATH}/Podfile.lock",
				"${PODS_ROOT}/Manifest.lock",
			);
			name = "[CP] Check Pods Manifest.lock";
			outputPaths = (
				"$(DERIVED_FILE_DIR)/Pods-DeliveryHelper-checkManifestLockResult.txt",
			);
			runOnlyForDeploymentPostprocessing = 0;
			shellPath = /bin/sh;
			shellScript = "diff \"${PODS_PODFILE_DIR_PATH}/Podfile.lock\" \"${PODS_ROOT}/Manifest.lock\" > /dev/null\nif [ $? != 0 ] ; then\n    # print error to STDERR\n    echo \"error: The sandbox is not in sync with the Podfile.lock. Run 'pod install' or update your CocoaPods installation.\" >&2\n    exit 1\nfi\n# This output is used by Xcode 'outputs' to avoid re-running this script phase.\necho \"SUCCESS\" > \"${SCRIPT_OUTPUT_FILE_0}\"\n";
			showEnvVarsInLog = 0;
		};
		85A424152806F9FCF31B7C71 /* [CP] Embed Pods Frameworks */ = {
			isa = PBXShellScriptBuildPhase;
			buildActionMask = 2147483647;
			files = (
			);
			inputPaths = (
				"${SRCROOT}/Pods/Target Support Files/Pods-DeliveryHelper/Pods-DeliveryHelper-frameworks.sh",
				"${BUILT_PRODUCTS_DIR}/JTAppleCalendar/JTAppleCalendar.framework",
			);
			name = "[CP] Embed Pods Frameworks";
			outputPaths = (
				"${TARGET_BUILD_DIR}/${FRAMEWORKS_FOLDER_PATH}/JTAppleCalendar.framework",
			);
			runOnlyForDeploymentPostprocessing = 0;
			shellPath = /bin/sh;
			shellScript = "\"${SRCROOT}/Pods/Target Support Files/Pods-DeliveryHelper/Pods-DeliveryHelper-frameworks.sh\"\n";
			showEnvVarsInLog = 0;
		};
/* End PBXShellScriptBuildPhase section */

/* Begin PBXSourcesBuildPhase section */
		722C8BB6201727DE002E474F /* Sources */ = {
			isa = PBXSourcesBuildPhase;
			buildActionMask = 2147483647;
			files = (
				72F2A56E2017564F004DA13B /* RootInteractor.swift in Sources */,
				726AB62C202B1553005C45CB /* DateExtension.swift in Sources */,
				72F2A57120176C39004DA13B /* DataStoragesListTableViewController.swift in Sources */,
				722C8BBE201727DE002E474F /* AppDelegate.swift in Sources */,
				725F19DA2021D1A600D50200 /* NewOrderPresenterProtocol.swift in Sources */,
				729A3CC920245C7500A71088 /* DataStoragesListDelegateProtocol.swift in Sources */,
				72148C3A202DCB5E00D09BA4 /* OrdersListPresenter.swift in Sources */,
				725F19D82021D1A000D50200 /* NewOrderPresenter.swift in Sources */,
				72F2A56C2017561E004DA13B /* RootTabBarController.swift in Sources */,
				72FC5F272019ECBC003831D8 /* NewClientAddViewProtocol.swift in Sources */,
				725A5129202346DD00EB0AEA /* ClientPlaceCell.swift in Sources */,
				72F2A56A201755FB004DA13B /* RootWireframeProtocol.swift in Sources */,
				725A5125202346B800EB0AEA /* TitleCell.swift in Sources */,
				722F6397201B5A7A00B63D40 /* BasesListWireframeProtocol.swift in Sources */,
				72FC5F41201A1710003831D8 /* NewPlaceAddViewController.swift in Sources */,
				725F19E02021D1CB00D50200 /* NewOrderWireframe.swift in Sources */,
				72148C42202DCB8F00D09BA4 /* OrdersListWireframe.swift in Sources */,
				72F2A57520176C94004DA13B /* DataStoragesListInteractor.swift in Sources */,
				72FC5F232019D3E7003831D8 /* DataStoragesListInteractorProtocol.swift in Sources */,
				725F19DE2021D1C200D50200 /* NewOrderInteractorProtocol.swift in Sources */,
				72148C40202DCB8600D09BA4 /* OrdersListInteractor.swift in Sources */,
				722F6390201B5A3200B63D40 /* BasesListPresenter.swift in Sources */,
				725F19DC2021D1B600D50200 /* NewOrderInteractor.swift in Sources */,
				72FC5F36201A0C23003831D8 /* NewItemAddInteractorProtocol.swift in Sources */,
				722F6389201B59DE00B63D40 /* BasesListViewProtocol.swift in Sources */,
				7295415A2018A25C00D41626 /* NewClientAddPresenter.swift in Sources */,
				72148C36202DCB3700D09BA4 /* OrdersListViewController.swift in Sources */,
				72148C3E202DCB7800D09BA4 /* OrdersListInteractorProtocol.swift in Sources */,
				72E5FEA02028906E00CB5A9B /* OrderModel.swift in Sources */,
				72148C44202DCB9E00D09BA4 /* OrdersListWireframeProtocol.swift in Sources */,
				729541622018A39A00D41626 /* NewClientAddInteractorProtocol.swift in Sources */,
				7295414D20187D4F00D41626 /* DataBase.xcdatamodeld in Sources */,
				72FC5F172019BF7C003831D8 /* PlaceCell.swift in Sources */,
				72FC5F2F201A0BF4003831D8 /* NewItemAddPresenter.swift in Sources */,
				725A5127202346C700EB0AEA /* ItemsCell.swift in Sources */,
				722F638B201B59F100B63D40 /* BasesListViewController.swift in Sources */,
				725F19E62021D20000D50200 /* NewOrderViewController.swift in Sources */,
				72B7BAC420319D9C0086AEA0 /* CalendarCell.swift in Sources */,
				7295414820187CF700D41626 /* CoreDataManager.swift in Sources */,
				72148C4B202DDB3F00D09BA4 /* OrderTableViewCell.swift in Sources */,
				72FC5F48201A174E003831D8 /* NewPlaceAddPresenter.swift in Sources */,
				725F19E22021D1D900D50200 /* NewOrderWireframeProtocol.swift in Sources */,
				72FC5F1F2019CB94003831D8 /* DataStoragesListViewProtocol.swift in Sources */,
				729541642018A45500D41626 /* NewClientAddWireframeProtocol.swift in Sources */,
				72F2A5672017552D004DA13B /* RootWireframe.swift in Sources */,
				7295415F2018A33C00D41626 /* NewClientAddWireframe.swift in Sources */,
				722F6395201B5A6900B63D40 /* BasesListWireframe.swift in Sources */,
				729541552018839400D41626 /* NewClientAddPresenterProtocol.swift in Sources */,
				72FC5F43201A172A003831D8 /* NewPlaceAddViewProtocol.swift in Sources */,
				72148C3C202DCB6900D09BA4 /* OrdersListPresenterProtocol.swift in Sources */,
				72148C34202DCB2D00D09BA4 /* OrdersListViewProtocol.swift in Sources */,
				72FC5F54201A179C003831D8 /* NewPlaceAddWireframeProtocol.swift in Sources */,
				725A512B2023474D00EB0AEA /* ButtonCell.swift in Sources */,
				72FC5F3B201A0C52003831D8 /* NewItemAddViewProtocol.swift in Sources */,
				72FC5F39201A0C48003831D8 /* NewItemAddViewController.swift in Sources */,
				725A512E20235BFD00EB0AEA /* UIViewControllerExtensions.swift in Sources */,
				725F19E42021D1F000D50200 /* NewOrderViewProtocol.swift in Sources */,
				72FC5F152019BF5A003831D8 /* ItemCell.swift in Sources */,
				72FC5F122019BF36003831D8 /* ClientCell.swift in Sources */,
				72B7BAC82031CA5F0086AEA0 /* CalendarHeaderView.swift in Sources */,
				72FC5F1B2019C57D003831D8 /* PlaceModel.swift in Sources */,
				72FC5F31201A0BFF003831D8 /* NewItemAddPresenterProtocol.swift in Sources */,
				72FC5F34201A0C18003831D8 /* NewItemAddInteractor.swift in Sources */,
				72FC5F2A201A0BC8003831D8 /* NewItemAddWireframe.swift in Sources */,
				72FC5F4C201A1764003831D8 /* NewPlaceAddInteractor.swift in Sources */,
				72FC5F4A201A1759003831D8 /* NewPlaceAddPresenterProtocol.swift in Sources */,
				72FC5F2C201A0BDB003831D8 /* NewItemAddWireframeProtocol.swift in Sources */,
				7295415C2018A2FA00D41626 /* NewClientAddInteractor.swift in Sources */,
				72FC5F4E201A1772003831D8 /* NewPlaceAddInteractorProtocol.swift in Sources */,
				72FC5F192019C575003831D8 /* ItemModel.swift in Sources */,
				7295414F20187F8500D41626 /* NewClientAddViewController.swift in Sources */,
				72FC5F0D2019BE7E003831D8 /* DataStoragesListPresenter.swift in Sources */,
				7295415720189DCB00D41626 /* ClientModel.swift in Sources */,
				722F6392201B5A4100B63D40 /* BasesListPresenterProtocol.swift in Sources */,
				72F2A57320176C73004DA13B /* DataStoragesListWireframe.swift in Sources */,
				72FC5F252019DB7C003831D8 /* DataStoragesListWireframeProtocol.swift in Sources */,
				729541682018AE2E00D41626 /* RootPresenter.swift in Sources */,
				72FC5F52201A1791003831D8 /* NewPlaceAddWireframe.swift in Sources */,
				72FC5F1D2019CB80003831D8 /* DataStoragesListPresenterProtocol.swift in Sources */,
			);
			runOnlyForDeploymentPostprocessing = 0;
		};
/* End PBXSourcesBuildPhase section */

/* Begin PBXVariantGroup section */
		722C8BC6201727DE002E474F /* LaunchScreen.storyboard */ = {
			isa = PBXVariantGroup;
			children = (
				722C8BC7201727DE002E474F /* Base */,
			);
			name = LaunchScreen.storyboard;
			sourceTree = "<group>";
		};
/* End PBXVariantGroup section */

/* Begin XCBuildConfiguration section */
		722C8BCA201727DE002E474F /* Debug */ = {
			isa = XCBuildConfiguration;
			buildSettings = {
				ALWAYS_SEARCH_USER_PATHS = NO;
				CLANG_ANALYZER_NONNULL = YES;
				CLANG_ANALYZER_NUMBER_OBJECT_CONVERSION = YES_AGGRESSIVE;
				CLANG_CXX_LANGUAGE_STANDARD = "gnu++14";
				CLANG_CXX_LIBRARY = "libc++";
				CLANG_ENABLE_MODULES = YES;
				CLANG_ENABLE_OBJC_ARC = YES;
				CLANG_WARN_BLOCK_CAPTURE_AUTORELEASING = YES;
				CLANG_WARN_BOOL_CONVERSION = YES;
				CLANG_WARN_COMMA = YES;
				CLANG_WARN_CONSTANT_CONVERSION = YES;
				CLANG_WARN_DIRECT_OBJC_ISA_USAGE = YES_ERROR;
				CLANG_WARN_DOCUMENTATION_COMMENTS = YES;
				CLANG_WARN_EMPTY_BODY = YES;
				CLANG_WARN_ENUM_CONVERSION = YES;
				CLANG_WARN_INFINITE_RECURSION = YES;
				CLANG_WARN_INT_CONVERSION = YES;
				CLANG_WARN_NON_LITERAL_NULL_CONVERSION = YES;
				CLANG_WARN_OBJC_LITERAL_CONVERSION = YES;
				CLANG_WARN_OBJC_ROOT_CLASS = YES_ERROR;
				CLANG_WARN_RANGE_LOOP_ANALYSIS = YES;
				CLANG_WARN_STRICT_PROTOTYPES = YES;
				CLANG_WARN_SUSPICIOUS_MOVE = YES;
				CLANG_WARN_UNGUARDED_AVAILABILITY = YES_AGGRESSIVE;
				CLANG_WARN_UNREACHABLE_CODE = YES;
				CLANG_WARN__DUPLICATE_METHOD_MATCH = YES;
				CODE_SIGN_IDENTITY = "iPhone Developer";
				COPY_PHASE_STRIP = NO;
				DEBUG_INFORMATION_FORMAT = dwarf;
				ENABLE_STRICT_OBJC_MSGSEND = YES;
				ENABLE_TESTABILITY = YES;
				GCC_C_LANGUAGE_STANDARD = gnu11;
				GCC_DYNAMIC_NO_PIC = NO;
				GCC_NO_COMMON_BLOCKS = YES;
				GCC_OPTIMIZATION_LEVEL = 0;
				GCC_PREPROCESSOR_DEFINITIONS = (
					"DEBUG=1",
					"$(inherited)",
				);
				GCC_WARN_64_TO_32_BIT_CONVERSION = YES;
				GCC_WARN_ABOUT_RETURN_TYPE = YES_ERROR;
				GCC_WARN_UNDECLARED_SELECTOR = YES;
				GCC_WARN_UNINITIALIZED_AUTOS = YES_AGGRESSIVE;
				GCC_WARN_UNUSED_FUNCTION = YES;
				GCC_WARN_UNUSED_VARIABLE = YES;
				IPHONEOS_DEPLOYMENT_TARGET = 11.2;
				MTL_ENABLE_DEBUG_INFO = YES;
				ONLY_ACTIVE_ARCH = YES;
				SDKROOT = iphoneos;
				SWIFT_ACTIVE_COMPILATION_CONDITIONS = DEBUG;
				SWIFT_OPTIMIZATION_LEVEL = "-Onone";
			};
			name = Debug;
		};
		722C8BCB201727DE002E474F /* Release */ = {
			isa = XCBuildConfiguration;
			buildSettings = {
				ALWAYS_SEARCH_USER_PATHS = NO;
				CLANG_ANALYZER_NONNULL = YES;
				CLANG_ANALYZER_NUMBER_OBJECT_CONVERSION = YES_AGGRESSIVE;
				CLANG_CXX_LANGUAGE_STANDARD = "gnu++14";
				CLANG_CXX_LIBRARY = "libc++";
				CLANG_ENABLE_MODULES = YES;
				CLANG_ENABLE_OBJC_ARC = YES;
				CLANG_WARN_BLOCK_CAPTURE_AUTORELEASING = YES;
				CLANG_WARN_BOOL_CONVERSION = YES;
				CLANG_WARN_COMMA = YES;
				CLANG_WARN_CONSTANT_CONVERSION = YES;
				CLANG_WARN_DIRECT_OBJC_ISA_USAGE = YES_ERROR;
				CLANG_WARN_DOCUMENTATION_COMMENTS = YES;
				CLANG_WARN_EMPTY_BODY = YES;
				CLANG_WARN_ENUM_CONVERSION = YES;
				CLANG_WARN_INFINITE_RECURSION = YES;
				CLANG_WARN_INT_CONVERSION = YES;
				CLANG_WARN_NON_LITERAL_NULL_CONVERSION = YES;
				CLANG_WARN_OBJC_LITERAL_CONVERSION = YES;
				CLANG_WARN_OBJC_ROOT_CLASS = YES_ERROR;
				CLANG_WARN_RANGE_LOOP_ANALYSIS = YES;
				CLANG_WARN_STRICT_PROTOTYPES = YES;
				CLANG_WARN_SUSPICIOUS_MOVE = YES;
				CLANG_WARN_UNGUARDED_AVAILABILITY = YES_AGGRESSIVE;
				CLANG_WARN_UNREACHABLE_CODE = YES;
				CLANG_WARN__DUPLICATE_METHOD_MATCH = YES;
				CODE_SIGN_IDENTITY = "iPhone Developer";
				COPY_PHASE_STRIP = NO;
				DEBUG_INFORMATION_FORMAT = "dwarf-with-dsym";
				ENABLE_NS_ASSERTIONS = NO;
				ENABLE_STRICT_OBJC_MSGSEND = YES;
				GCC_C_LANGUAGE_STANDARD = gnu11;
				GCC_NO_COMMON_BLOCKS = YES;
				GCC_WARN_64_TO_32_BIT_CONVERSION = YES;
				GCC_WARN_ABOUT_RETURN_TYPE = YES_ERROR;
				GCC_WARN_UNDECLARED_SELECTOR = YES;
				GCC_WARN_UNINITIALIZED_AUTOS = YES_AGGRESSIVE;
				GCC_WARN_UNUSED_FUNCTION = YES;
				GCC_WARN_UNUSED_VARIABLE = YES;
				IPHONEOS_DEPLOYMENT_TARGET = 11.2;
				MTL_ENABLE_DEBUG_INFO = NO;
				SDKROOT = iphoneos;
				SWIFT_OPTIMIZATION_LEVEL = "-Owholemodule";
				VALIDATE_PRODUCT = YES;
			};
			name = Release;
		};
		722C8BCD201727DE002E474F /* Debug */ = {
			isa = XCBuildConfiguration;
			baseConfigurationReference = 2133FAF1B165E152CA2C9E65 /* Pods-DeliveryHelper.debug.xcconfig */;
			buildSettings = {
				ASSETCATALOG_COMPILER_APPICON_NAME = AppIcon;
				CODE_SIGN_STYLE = Automatic;
				DEVELOPMENT_TEAM = 7B3BBT653A;
				INFOPLIST_FILE = DeliveryHelper/Info.plist;
				IPHONEOS_DEPLOYMENT_TARGET = 10.0;
				LD_RUNPATH_SEARCH_PATHS = "$(inherited) @executable_path/Frameworks";
				PRODUCT_BUNDLE_IDENTIFIER = IvanDenezhkin.com.DeliveryHelper;
				PRODUCT_NAME = "$(TARGET_NAME)";
				SWIFT_VERSION = 4.0;
				TARGETED_DEVICE_FAMILY = "1,2";
			};
			name = Debug;
		};
		722C8BCE201727DE002E474F /* Release */ = {
			isa = XCBuildConfiguration;
			baseConfigurationReference = 8DF4970DE367AB547F8669B6 /* Pods-DeliveryHelper.release.xcconfig */;
			buildSettings = {
				ASSETCATALOG_COMPILER_APPICON_NAME = AppIcon;
				CODE_SIGN_STYLE = Automatic;
				DEVELOPMENT_TEAM = 7B3BBT653A;
				INFOPLIST_FILE = DeliveryHelper/Info.plist;
				IPHONEOS_DEPLOYMENT_TARGET = 10.0;
				LD_RUNPATH_SEARCH_PATHS = "$(inherited) @executable_path/Frameworks";
				PRODUCT_BUNDLE_IDENTIFIER = IvanDenezhkin.com.DeliveryHelper;
				PRODUCT_NAME = "$(TARGET_NAME)";
				SWIFT_VERSION = 4.0;
				TARGETED_DEVICE_FAMILY = "1,2";
			};
			name = Release;
		};
/* End XCBuildConfiguration section */

/* Begin XCConfigurationList section */
		722C8BB5201727DE002E474F /* Build configuration list for PBXProject "DeliveryHelper" */ = {
			isa = XCConfigurationList;
			buildConfigurations = (
				722C8BCA201727DE002E474F /* Debug */,
				722C8BCB201727DE002E474F /* Release */,
			);
			defaultConfigurationIsVisible = 0;
			defaultConfigurationName = Release;
		};
		722C8BCC201727DE002E474F /* Build configuration list for PBXNativeTarget "DeliveryHelper" */ = {
			isa = XCConfigurationList;
			buildConfigurations = (
				722C8BCD201727DE002E474F /* Debug */,
				722C8BCE201727DE002E474F /* Release */,
			);
			defaultConfigurationIsVisible = 0;
			defaultConfigurationName = Release;
		};
/* End XCConfigurationList section */

/* Begin XCVersionGroup section */
		7295414B20187D4F00D41626 /* DataBase.xcdatamodeld */ = {
			isa = XCVersionGroup;
			children = (
				7295414C20187D4F00D41626 /* ClientsDB.xcdatamodel */,
			);
			currentVersion = 7295414C20187D4F00D41626 /* ClientsDB.xcdatamodel */;
			path = DataBase.xcdatamodeld;
			sourceTree = "<group>";
			versionGroupType = wrapper.xcdatamodel;
		};
/* End XCVersionGroup section */
	};
	rootObject = 722C8BB2201727DE002E474F /* Project object */;
}
